
Microsoft Visual Studio Solution File, Format Version 12.00
# Visual Studio 2012
Project("{FAE04EC0-301F-11D3-BF4B-00C04F79EFBC}") = "socketserver", "SocketServer\socketserver.csproj", "{77F78E2F-A04F-4823-A2A9-3F1F27D0F8B8}"
EndProject
Project("{FAE04EC0-301F-11D3-BF4B-00C04F79EFBC}") = "phone.socketserver", "PhoneSocketServer\phone.socketserver.csproj", "{CCDE1A18-482A-469C-9115-3C51723026B7}"
EndProject
Project("{FAE04EC0-301F-11D3-BF4B-00C04F79EFBC}") = "phone.xmpp", "PhoneXMPPLibrary\phone.xmpp.csproj", "{08CA3C52-B65B-43F1-B60E-9A0F53021959}"
EndProject
Project("{FAE04EC0-301F-11D3-BF4B-00C04F79EFBC}") = "rtp", "RTP\rtp.csproj", "{69A1BADF-4974-4D35-A3EC-75B77B0A003B}"
EndProject
Project("{FAE04EC0-301F-11D3-BF4B-00C04F79EFBC}") = "socks5", "SOCKS5ServiceLibrary\socks5.csproj", "{D30DED6E-E360-4DDD-BD14-02B9361E676E}"
EndProject
Project("{FAE04EC0-301F-11D3-BF4B-00C04F79EFBC}") = "xmpp", "XMPPLibrary\xmpp.csproj", "{8DE3A173-A7A8-447F-846E-16C95F9C22AE}"
EndProject
Project("{FAE04EC0-301F-11D3-BF4B-00C04F79EFBC}") = "PhoneXMPPClient", "XMPPClient\PhoneXMPPClient.csproj", "{8629E306-E0C8-4523-AFF6-F88C6E8E8EDA}"
EndProject
Project("{FAE04EC0-301F-11D3-BF4B-00C04F79EFBC}") = "WPFXMPPClient", "WPFXMPPClient\WPFXMPPClient.csproj", "{F5A189B1-3E50-4E6F-996B-673CFA59EB3C}"
EndProject
Project("{2150E333-8FDC-42A3-9474-1A3956D46DE8}") = "Examples", "Examples", "{A6BE34E5-E742-448F-B64C-F7A958A48805}"
EndProject
Project("{FAE04EC0-301F-11D3-BF4B-00C04F79EFBC}") = "SOCKS5Test", "Examples\SOCKS5Test\SOCKS5Test.csproj", "{672051E4-EB29-400C-BAC4-E4F057391557}"
EndProject
Project("{FAE04EC0-301F-11D3-BF4B-00C04F79EFBC}") = "GroceryList", "GroceryList\GroceryList.csproj", "{7A6DED26-F6C0-4348-B7C8-31681236EBFD}"
EndProject
Project("{FAE04EC0-301F-11D3-BF4B-00C04F79EFBC}") = "JingleToneGeneratorService", "JingleToneGeneratorService\JingleToneGeneratorService.csproj", "{3B0EB829-A618-47D7-A38A-E94545FF2FC1}"
EndProject
Project("{2150E333-8FDC-42A3-9474-1A3956D46DE8}") = "OtherLibs", "OtherLibs", "{10512982-5268-4102-A137-C334F3ABF856}"
EndProject
Project("{8BC9CEB8-8B4A-11D0-8D11-00A0C91BC942}") = "ImageUtils", "OtherLibs\ImageUtils\ImageUtils.vcxproj", "{53796A00-C33A-40FF-B28D-F977EB8A9103}"
EndProject
Project("{FAE04EC0-301F-11D3-BF4B-00C04F79EFBC}") = "WPFImageWindows", "OtherLibs\WPFImageControls\WPFImageWindows\WPFImageWindows.csproj", "{B914EE15-6A3C-4BAA-AB12-932D1325C86D}"
EndProject
Project("{FAE04EC0-301F-11D3-BF4B-00C04F79EFBC}") = "AudioClasses", "OtherLibs\AudioClasses\AudioClasses.csproj", "{CB219B28-DC51-4E22-BC61-80B97D8A39C0}"
EndProject
Project("{8BC9CEB8-8B4A-11D0-8D11-00A0C91BC942}") = "ImageAquisition", "OtherLibs\ImageAquisition\ImageAquisition.vcxproj", "{6D3414FC-4336-426A-BED4-814AB331FDF0}"
EndProject
Project("{FAE04EC0-301F-11D3-BF4B-00C04F79EFBC}") = "MusicServer", "MusicServer\MusicServer.csproj", "{61482F5F-76E8-484B-BB0B-921C532D87BB}"
EndProject
Project("{2150E333-8FDC-42A3-9474-1A3956D46DE8}") = "Solution Items", "Solution Items", "{37568D45-71D3-48BD-827D-FA851337450F}"
EndProject
Project("{FAE04EC0-301F-11D3-BF4B-00C04F79EFBC}") = "LocationClasses", "OtherLibs\LocationClasses\LocationClasses.csproj", "{D6B49DD9-1145-4F43-A48F-CB47C2CA15C4}"
EndProject
Project("{FAE04EC0-301F-11D3-BF4B-00C04F79EFBC}") = "XMPPClientService", "Examples\XMPPClientService\XMPPClientService.csproj", "{8D12A1E1-1441-45D8-A834-8DE44F55ED24}"
EndProject
Project("{FAE04EC0-301F-11D3-BF4B-00C04F79EFBC}") = "phone.rtp", "phone.rtp\phone.rtp.csproj", "{7EC1E48F-1605-499B-906A-ECA507BB27F8}"
EndProject
Project("{FAE04EC0-301F-11D3-BF4B-00C04F79EFBC}") = "phone.AudioClasses", "OtherLibs\phone.AudioClasses\phone.AudioClasses.csproj", "{AA9373BE-5A3F-4DA0-86D8-448D2AA9BBAD}"
EndProject
Project("{FAE04EC0-301F-11D3-BF4B-00C04F79EFBC}") = "Tests", "Examples\Tests\Tests.csproj", "{CDA28126-38BD-4EC2-9B0F-C7DFE63B29F3}"
EndProject
Project("{FAE04EC0-301F-11D3-BF4B-00C04F79EFBC}") = "Socks5Service", "Examples\Socks5Service\Socks5Service.csproj", "{8BB784E2-F8AC-493F-9BDA-08ABD84A2541}"
EndProject
Project("{FAE04EC0-301F-11D3-BF4B-00C04F79EFBC}") = "USBMotionJpegServer", "OtherLibs\USBMotionJpegServer\USBMotionJpegServer.csproj", "{B7400CF1-E6FC-4768-A0BC-F2DDE6B4FCDC}"
EndProject
Project("{FAE04EC0-301F-11D3-BF4B-00C04F79EFBC}") = "CameraViewer", "Examples\CameraViewer\CameraViewer.csproj", "{28C65E7F-DA2A-4AA8-8CE2-EA6454086ACD}"
EndProject
Global
	GlobalSection(TeamFoundationVersionControl) = preSolution
		SccNumberOfProjects = 25
		SccEnterpriseProvider = {4CA58AB2-18FA-4F8D-95D4-32DDF27D184C}
		SccTeamFoundationServer = https://tfs.codeplex.com/tfs/tfs26
		SccLocalPath0 = .
		SccProjectUniqueName1 = PhoneSocketServer\\phone.socketserver.csproj
		SccProjectName1 = PhoneSocketServer
		SccLocalPath1 = PhoneSocketServer
		SccProjectUniqueName2 = PhoneXMPPLibrary\\phone.xmpp.csproj
		SccProjectName2 = PhoneXMPPLibrary
		SccLocalPath2 = PhoneXMPPLibrary
		SccProjectUniqueName3 = RTP\\rtp.csproj
		SccProjectName3 = RTP
		SccLocalPath3 = RTP
		SccProjectUniqueName4 = SocketServer\\socketserver.csproj
		SccProjectName4 = SocketServer
		SccLocalPath4 = SocketServer
		SccProjectUniqueName5 = SOCKS5ServiceLibrary\\socks5.csproj
		SccProjectName5 = SOCKS5ServiceLibrary
		SccLocalPath5 = SOCKS5ServiceLibrary
		SccProjectUniqueName6 = WPFXMPPClient\\WPFXMPPClient.csproj
		SccProjectName6 = WPFXMPPClient
		SccLocalPath6 = WPFXMPPClient
		SccProjectUniqueName7 = XMPPClient\\PhoneXMPPClient.csproj
		SccProjectName7 = XMPPClient
		SccLocalPath7 = XMPPClient
		SccProjectUniqueName8 = XMPPLibrary\\xmpp.csproj
		SccProjectName8 = XMPPLibrary
		SccLocalPath8 = XMPPLibrary
		SccProjectUniqueName9 = Examples\\SOCKS5Test\\SOCKS5Test.csproj
		SccProjectTopLevelParentUniqueName9 = xmedianet.sln
		SccProjectName9 = Examples/SOCKS5Test
		SccLocalPath9 = Examples\\SOCKS5Test
		SccProjectUniqueName10 = GroceryList\\GroceryList.csproj
		SccProjectTopLevelParentUniqueName10 = xmedianet.sln
		SccProjectName10 = GroceryList
		SccLocalPath10 = GroceryList
		SccProjectUniqueName11 = JingleToneGeneratorService\\JingleToneGeneratorService.csproj
		SccProjectTopLevelParentUniqueName11 = xmedianet.sln
		SccProjectName11 = JingleToneGeneratorService
		SccLocalPath11 = JingleToneGeneratorService
		SccProjectUniqueName12 = OtherLibs\\WPFImageControls\\WPFImageWindows\\WPFImageWindows.csproj
		SccProjectTopLevelParentUniqueName12 = xmedianet.sln
		SccProjectName12 = OtherLibs/WPFImageControls/WPFImageWindows
		SccLocalPath12 = OtherLibs\\WPFImageControls\\WPFImageWindows
		SccProjectUniqueName13 = OtherLibs\\ImageUtils\\ImageUtils.vcxproj
		SccProjectTopLevelParentUniqueName13 = xmedianet.sln
		SccProjectName13 = OtherLibs/ImageUtils
		SccLocalPath13 = OtherLibs\\ImageUtils
		SccProjectUniqueName14 = OtherLibs\\AudioClasses\\AudioClasses.csproj
		SccProjectTopLevelParentUniqueName14 = xmedianet.sln
		SccProjectName14 = OtherLibs/AudioClasses
		SccLocalPath14 = OtherLibs\\AudioClasses
		SccProjectUniqueName15 = OtherLibs\\ImageAquisition\\ImageAquisition.vcxproj
		SccProjectTopLevelParentUniqueName15 = xmedianet.sln
		SccProjectName15 = OtherLibs/ImageAquisition
		SccLocalPath15 = OtherLibs\\ImageAquisition
		SccProjectUniqueName16 = MusicServer\\MusicServer.csproj
		SccProjectTopLevelParentUniqueName16 = xmedianet.sln
		SccProjectName16 = MusicServer
		SccLocalPath16 = MusicServer
		SccProjectUniqueName17 = OtherLibs\\LocationClasses\\LocationClasses.csproj
		SccProjectTopLevelParentUniqueName17 = xmedianet.sln
		SccProjectName17 = OtherLibs/LocationClasses
		SccLocalPath17 = OtherLibs\\LocationClasses
		SccProjectUniqueName18 = Examples\\XMPPClientService\\XMPPClientService.csproj
		SccProjectTopLevelParentUniqueName18 = xmedianet.sln
		SccProjectName18 = Examples/XMPPClientService
		SccLocalPath18 = Examples\\XMPPClientService
		SccProjectUniqueName19 = phone.rtp\\phone.rtp.csproj
		SccProjectName19 = phone.rtp
		SccLocalPath19 = phone.rtp
		SccProjectUniqueName20 = OtherLibs\\phone.AudioClasses\\phone.AudioClasses.csproj
		SccProjectName20 = OtherLibs/phone.AudioClasses
		SccLocalPath20 = OtherLibs\\phone.AudioClasses
		SccProjectUniqueName21 = Examples\\Tests\\Tests.csproj
		SccProjectTopLevelParentUniqueName21 = xmedianet.sln
		SccProjectName21 = Examples/Tests
		SccLocalPath21 = Examples\\Tests
		SccProjectUniqueName22 = Examples\\Socks5Service\\Socks5Service.csproj
		SccProjectTopLevelParentUniqueName22 = xmedianet.sln
		SccProjectName22 = Examples/Socks5Service
		SccLocalPath22 = Examples\\Socks5Service
		SccProjectUniqueName23 = OtherLibs\\USBMotionJpegServer\\USBMotionJpegServer.csproj
		SccProjectTopLevelParentUniqueName23 = xmedianet.sln
		SccProjectName23 = OtherLibs/USBMotionJpegServer
		SccLocalPath23 = OtherLibs\\USBMotionJpegServer
		SccProjectUniqueName24 = Examples\\CameraViewer\\CameraViewer.csproj
		SccProjectTopLevelParentUniqueName24 = xmedianet.sln
		SccProjectName24 = Examples/CameraViewer
		SccLocalPath24 = Examples\\CameraViewer
	EndGlobalSection
	GlobalSection(SolutionConfigurationPlatforms) = preSolution
		Debug|Any CPU = Debug|Any CPU
		Debug|ARM = Debug|ARM
		Debug|Mixed Platforms = Debug|Mixed Platforms
		Debug|Win32 = Debug|Win32
		Debug|x64 = Debug|x64
		Debug|x86 = Debug|x86
		Debug-Mono|Any CPU = Debug-Mono|Any CPU
		Debug-Mono|ARM = Debug-Mono|ARM
		Debug-Mono|Mixed Platforms = Debug-Mono|Mixed Platforms
		Debug-Mono|Win32 = Debug-Mono|Win32
		Debug-Mono|x64 = Debug-Mono|x64
		Debug-Mono|x86 = Debug-Mono|x86
		Release|Any CPU = Release|Any CPU
		Release|ARM = Release|ARM
		Release|Mixed Platforms = Release|Mixed Platforms
		Release|Win32 = Release|Win32
		Release|x64 = Release|x64
		Release|x86 = Release|x86
		Release-Mono|Any CPU = Release-Mono|Any CPU
		Release-Mono|ARM = Release-Mono|ARM
		Release-Mono|Mixed Platforms = Release-Mono|Mixed Platforms
		Release-Mono|Win32 = Release-Mono|Win32
		Release-Mono|x64 = Release-Mono|x64
		Release-Mono|x86 = Release-Mono|x86
	EndGlobalSection
	GlobalSection(ProjectConfigurationPlatforms) = postSolution
		{77F78E2F-A04F-4823-A2A9-3F1F27D0F8B8}.Debug|Any CPU.ActiveCfg = Debug|Any CPU
		{77F78E2F-A04F-4823-A2A9-3F1F27D0F8B8}.Debug|Any CPU.Build.0 = Debug|Any CPU
		{77F78E2F-A04F-4823-A2A9-3F1F27D0F8B8}.Debug|ARM.ActiveCfg = Debug|Any CPU
		{77F78E2F-A04F-4823-A2A9-3F1F27D0F8B8}.Debug|Mixed Platforms.ActiveCfg = Debug|Any CPU
		{77F78E2F-A04F-4823-A2A9-3F1F27D0F8B8}.Debug|Mixed Platforms.Build.0 = Debug|Any CPU
		{77F78E2F-A04F-4823-A2A9-3F1F27D0F8B8}.Debug|Mixed Platforms.Deploy.0 = Debug|Any CPU
		{77F78E2F-A04F-4823-A2A9-3F1F27D0F8B8}.Debug|Win32.ActiveCfg = Debug|Any CPU
		{77F78E2F-A04F-4823-A2A9-3F1F27D0F8B8}.Debug|x64.ActiveCfg = Debug|Any CPU
		{77F78E2F-A04F-4823-A2A9-3F1F27D0F8B8}.Debug|x64.Build.0 = Debug|Any CPU
		{77F78E2F-A04F-4823-A2A9-3F1F27D0F8B8}.Debug|x86.ActiveCfg = Debug|Any CPU
		{77F78E2F-A04F-4823-A2A9-3F1F27D0F8B8}.Debug-Mono|Any CPU.ActiveCfg = Debug-Mono|Any CPU
		{77F78E2F-A04F-4823-A2A9-3F1F27D0F8B8}.Debug-Mono|Any CPU.Build.0 = Debug-Mono|Any CPU
		{77F78E2F-A04F-4823-A2A9-3F1F27D0F8B8}.Debug-Mono|ARM.ActiveCfg = Debug-Mono|Any CPU
		{77F78E2F-A04F-4823-A2A9-3F1F27D0F8B8}.Debug-Mono|Mixed Platforms.ActiveCfg = Debug-Mono|Any CPU
		{77F78E2F-A04F-4823-A2A9-3F1F27D0F8B8}.Debug-Mono|Mixed Platforms.Build.0 = Debug-Mono|Any CPU
		{77F78E2F-A04F-4823-A2A9-3F1F27D0F8B8}.Debug-Mono|Win32.ActiveCfg = Debug-Mono|Any CPU
		{77F78E2F-A04F-4823-A2A9-3F1F27D0F8B8}.Debug-Mono|x64.ActiveCfg = Debug-Mono|Any CPU
		{77F78E2F-A04F-4823-A2A9-3F1F27D0F8B8}.Debug-Mono|x86.ActiveCfg = Debug-Mono|Any CPU
		{77F78E2F-A04F-4823-A2A9-3F1F27D0F8B8}.Release|Any CPU.ActiveCfg = Release|Any CPU
		{77F78E2F-A04F-4823-A2A9-3F1F27D0F8B8}.Release|Any CPU.Build.0 = Release|Any CPU
		{77F78E2F-A04F-4823-A2A9-3F1F27D0F8B8}.Release|ARM.ActiveCfg = Release|Any CPU
		{77F78E2F-A04F-4823-A2A9-3F1F27D0F8B8}.Release|Mixed Platforms.ActiveCfg = Release|Any CPU
		{77F78E2F-A04F-4823-A2A9-3F1F27D0F8B8}.Release|Mixed Platforms.Build.0 = Release|Any CPU
		{77F78E2F-A04F-4823-A2A9-3F1F27D0F8B8}.Release|Win32.ActiveCfg = Release|Any CPU
		{77F78E2F-A04F-4823-A2A9-3F1F27D0F8B8}.Release|x64.ActiveCfg = Release|Any CPU
		{77F78E2F-A04F-4823-A2A9-3F1F27D0F8B8}.Release|x86.ActiveCfg = Release|Any CPU
		{77F78E2F-A04F-4823-A2A9-3F1F27D0F8B8}.Release-Mono|Any CPU.ActiveCfg = Release-Mono|Any CPU
		{77F78E2F-A04F-4823-A2A9-3F1F27D0F8B8}.Release-Mono|Any CPU.Build.0 = Release-Mono|Any CPU
		{77F78E2F-A04F-4823-A2A9-3F1F27D0F8B8}.Release-Mono|ARM.ActiveCfg = Release-Mono|Any CPU
		{77F78E2F-A04F-4823-A2A9-3F1F27D0F8B8}.Release-Mono|Mixed Platforms.ActiveCfg = Release-Mono|Any CPU
		{77F78E2F-A04F-4823-A2A9-3F1F27D0F8B8}.Release-Mono|Mixed Platforms.Build.0 = Release-Mono|Any CPU
		{77F78E2F-A04F-4823-A2A9-3F1F27D0F8B8}.Release-Mono|Win32.ActiveCfg = Release-Mono|Any CPU
		{77F78E2F-A04F-4823-A2A9-3F1F27D0F8B8}.Release-Mono|x64.ActiveCfg = Release-Mono|Any CPU
		{77F78E2F-A04F-4823-A2A9-3F1F27D0F8B8}.Release-Mono|x86.ActiveCfg = Release-Mono|Any CPU
		{CCDE1A18-482A-469C-9115-3C51723026B7}.Debug|Any CPU.ActiveCfg = Debug|Any CPU
		{CCDE1A18-482A-469C-9115-3C51723026B7}.Debug|Any CPU.Build.0 = Debug|Any CPU
		{CCDE1A18-482A-469C-9115-3C51723026B7}.Debug|ARM.ActiveCfg = Debug|Any CPU
		{CCDE1A18-482A-469C-9115-3C51723026B7}.Debug|Mixed Platforms.ActiveCfg = Debug|Any CPU
		{CCDE1A18-482A-469C-9115-3C51723026B7}.Debug|Mixed Platforms.Build.0 = Debug|Any CPU
		{CCDE1A18-482A-469C-9115-3C51723026B7}.Debug|Win32.ActiveCfg = Debug|Any CPU
		{CCDE1A18-482A-469C-9115-3C51723026B7}.Debug|x64.ActiveCfg = Debug|Any CPU
		{CCDE1A18-482A-469C-9115-3C51723026B7}.Debug|x86.ActiveCfg = Debug|Any CPU
		{CCDE1A18-482A-469C-9115-3C51723026B7}.Debug-Mono|Any CPU.ActiveCfg = Debug|Any CPU
		{CCDE1A18-482A-469C-9115-3C51723026B7}.Debug-Mono|ARM.ActiveCfg = Debug-Mono|Any CPU
		{CCDE1A18-482A-469C-9115-3C51723026B7}.Debug-Mono|Mixed Platforms.ActiveCfg = Debug|Any CPU
		{CCDE1A18-482A-469C-9115-3C51723026B7}.Debug-Mono|Win32.ActiveCfg = Debug|Any CPU
		{CCDE1A18-482A-469C-9115-3C51723026B7}.Debug-Mono|x64.ActiveCfg = Debug|Any CPU
		{CCDE1A18-482A-469C-9115-3C51723026B7}.Debug-Mono|x86.ActiveCfg = Debug|Any CPU
		{CCDE1A18-482A-469C-9115-3C51723026B7}.Release|Any CPU.ActiveCfg = Release|Any CPU
		{CCDE1A18-482A-469C-9115-3C51723026B7}.Release|Any CPU.Build.0 = Release|Any CPU
		{CCDE1A18-482A-469C-9115-3C51723026B7}.Release|ARM.ActiveCfg = Release|Any CPU
		{CCDE1A18-482A-469C-9115-3C51723026B7}.Release|Mixed Platforms.ActiveCfg = Release|Any CPU
		{CCDE1A18-482A-469C-9115-3C51723026B7}.Release|Mixed Platforms.Build.0 = Release|Any CPU
		{CCDE1A18-482A-469C-9115-3C51723026B7}.Release|Win32.ActiveCfg = Release|Any CPU
		{CCDE1A18-482A-469C-9115-3C51723026B7}.Release|x64.ActiveCfg = Release|Any CPU
		{CCDE1A18-482A-469C-9115-3C51723026B7}.Release|x86.ActiveCfg = Release|Any CPU
		{CCDE1A18-482A-469C-9115-3C51723026B7}.Release-Mono|Any CPU.ActiveCfg = Release|Any CPU
		{CCDE1A18-482A-469C-9115-3C51723026B7}.Release-Mono|ARM.ActiveCfg = Release-Mono|Any CPU
		{CCDE1A18-482A-469C-9115-3C51723026B7}.Release-Mono|Mixed Platforms.ActiveCfg = Release|Any CPU
		{CCDE1A18-482A-469C-9115-3C51723026B7}.Release-Mono|Win32.ActiveCfg = Release|Any CPU
		{CCDE1A18-482A-469C-9115-3C51723026B7}.Release-Mono|x64.ActiveCfg = Release|Any CPU
		{CCDE1A18-482A-469C-9115-3C51723026B7}.Release-Mono|x86.ActiveCfg = Release|Any CPU
		{08CA3C52-B65B-43F1-B60E-9A0F53021959}.Debug|Any CPU.ActiveCfg = Debug|Any CPU
		{08CA3C52-B65B-43F1-B60E-9A0F53021959}.Debug|Any CPU.Build.0 = Debug|Any CPU
		{08CA3C52-B65B-43F1-B60E-9A0F53021959}.Debug|ARM.ActiveCfg = Debug|Any CPU
		{08CA3C52-B65B-43F1-B60E-9A0F53021959}.Debug|Mixed Platforms.ActiveCfg = Debug|Any CPU
		{08CA3C52-B65B-43F1-B60E-9A0F53021959}.Debug|Mixed Platforms.Build.0 = Debug|Any CPU
		{08CA3C52-B65B-43F1-B60E-9A0F53021959}.Debug|Win32.ActiveCfg = Debug|Any CPU
		{08CA3C52-B65B-43F1-B60E-9A0F53021959}.Debug|x64.ActiveCfg = Debug|Any CPU
		{08CA3C52-B65B-43F1-B60E-9A0F53021959}.Debug|x86.ActiveCfg = Debug|Any CPU
		{08CA3C52-B65B-43F1-B60E-9A0F53021959}.Debug-Mono|Any CPU.ActiveCfg = Debug|Any CPU
		{08CA3C52-B65B-43F1-B60E-9A0F53021959}.Debug-Mono|ARM.ActiveCfg = Debug-Mono|Any CPU
		{08CA3C52-B65B-43F1-B60E-9A0F53021959}.Debug-Mono|Mixed Platforms.ActiveCfg = Debug|Any CPU
		{08CA3C52-B65B-43F1-B60E-9A0F53021959}.Debug-Mono|Win32.ActiveCfg = Debug|Any CPU
		{08CA3C52-B65B-43F1-B60E-9A0F53021959}.Debug-Mono|x64.ActiveCfg = Debug|Any CPU
		{08CA3C52-B65B-43F1-B60E-9A0F53021959}.Debug-Mono|x86.ActiveCfg = Debug|Any CPU
		{08CA3C52-B65B-43F1-B60E-9A0F53021959}.Release|Any CPU.ActiveCfg = Release|Any CPU
		{08CA3C52-B65B-43F1-B60E-9A0F53021959}.Release|Any CPU.Build.0 = Release|Any CPU
		{08CA3C52-B65B-43F1-B60E-9A0F53021959}.Release|ARM.ActiveCfg = Release|Any CPU
		{08CA3C52-B65B-43F1-B60E-9A0F53021959}.Release|Mixed Platforms.ActiveCfg = Release|Any CPU
		{08CA3C52-B65B-43F1-B60E-9A0F53021959}.Release|Mixed Platforms.Build.0 = Release|Any CPU
		{08CA3C52-B65B-43F1-B60E-9A0F53021959}.Release|Win32.ActiveCfg = Release|Any CPU
		{08CA3C52-B65B-43F1-B60E-9A0F53021959}.Release|x64.ActiveCfg = Release|Any CPU
		{08CA3C52-B65B-43F1-B60E-9A0F53021959}.Release|x86.ActiveCfg = Release|Any CPU
		{08CA3C52-B65B-43F1-B60E-9A0F53021959}.Release-Mono|Any CPU.ActiveCfg = Release|Any CPU
		{08CA3C52-B65B-43F1-B60E-9A0F53021959}.Release-Mono|ARM.ActiveCfg = Release-Mono|Any CPU
		{08CA3C52-B65B-43F1-B60E-9A0F53021959}.Release-Mono|Mixed Platforms.ActiveCfg = Release|Any CPU
		{08CA3C52-B65B-43F1-B60E-9A0F53021959}.Release-Mono|Win32.ActiveCfg = Release|Any CPU
		{08CA3C52-B65B-43F1-B60E-9A0F53021959}.Release-Mono|x64.ActiveCfg = Release|Any CPU
		{08CA3C52-B65B-43F1-B60E-9A0F53021959}.Release-Mono|x86.ActiveCfg = Release|Any CPU
		{69A1BADF-4974-4D35-A3EC-75B77B0A003B}.Debug|Any CPU.ActiveCfg = Debug|Any CPU
		{69A1BADF-4974-4D35-A3EC-75B77B0A003B}.Debug|Any CPU.Build.0 = Debug|Any CPU
		{69A1BADF-4974-4D35-A3EC-75B77B0A003B}.Debug|ARM.ActiveCfg = Debug|Any CPU
		{69A1BADF-4974-4D35-A3EC-75B77B0A003B}.Debug|Mixed Platforms.ActiveCfg = Debug|Any CPU
		{69A1BADF-4974-4D35-A3EC-75B77B0A003B}.Debug|Mixed Platforms.Build.0 = Debug|Any CPU
		{69A1BADF-4974-4D35-A3EC-75B77B0A003B}.Debug|Win32.ActiveCfg = Debug|Any CPU
		{69A1BADF-4974-4D35-A3EC-75B77B0A003B}.Debug|x64.ActiveCfg = Debug|Any CPU
		{69A1BADF-4974-4D35-A3EC-75B77B0A003B}.Debug|x64.Build.0 = Debug|Any CPU
		{69A1BADF-4974-4D35-A3EC-75B77B0A003B}.Debug|x86.ActiveCfg = Debug|Any CPU
		{69A1BADF-4974-4D35-A3EC-75B77B0A003B}.Debug-Mono|Any CPU.ActiveCfg = Debug-Mono|Any CPU
		{69A1BADF-4974-4D35-A3EC-75B77B0A003B}.Debug-Mono|Any CPU.Build.0 = Debug-Mono|Any CPU
		{69A1BADF-4974-4D35-A3EC-75B77B0A003B}.Debug-Mono|ARM.ActiveCfg = Debug-Mono|Any CPU
		{69A1BADF-4974-4D35-A3EC-75B77B0A003B}.Debug-Mono|Mixed Platforms.ActiveCfg = Debug|Any CPU
		{69A1BADF-4974-4D35-A3EC-75B77B0A003B}.Debug-Mono|Mixed Platforms.Build.0 = Debug|Any CPU
		{69A1BADF-4974-4D35-A3EC-75B77B0A003B}.Debug-Mono|Win32.ActiveCfg = Debug|Any CPU
		{69A1BADF-4974-4D35-A3EC-75B77B0A003B}.Debug-Mono|x64.ActiveCfg = Debug|Any CPU
		{69A1BADF-4974-4D35-A3EC-75B77B0A003B}.Debug-Mono|x86.ActiveCfg = Debug|Any CPU
		{69A1BADF-4974-4D35-A3EC-75B77B0A003B}.Release|Any CPU.ActiveCfg = Release|Any CPU
		{69A1BADF-4974-4D35-A3EC-75B77B0A003B}.Release|Any CPU.Build.0 = Release|Any CPU
		{69A1BADF-4974-4D35-A3EC-75B77B0A003B}.Release|ARM.ActiveCfg = Release|Any CPU
		{69A1BADF-4974-4D35-A3EC-75B77B0A003B}.Release|Mixed Platforms.ActiveCfg = Release|Any CPU
		{69A1BADF-4974-4D35-A3EC-75B77B0A003B}.Release|Mixed Platforms.Build.0 = Release|Any CPU
		{69A1BADF-4974-4D35-A3EC-75B77B0A003B}.Release|Win32.ActiveCfg = Release|Any CPU
		{69A1BADF-4974-4D35-A3EC-75B77B0A003B}.Release|x64.ActiveCfg = Release|Any CPU
		{69A1BADF-4974-4D35-A3EC-75B77B0A003B}.Release|x86.ActiveCfg = Release|Any CPU
		{69A1BADF-4974-4D35-A3EC-75B77B0A003B}.Release-Mono|Any CPU.ActiveCfg = Release-Mono|Any CPU
		{69A1BADF-4974-4D35-A3EC-75B77B0A003B}.Release-Mono|Any CPU.Build.0 = Release-Mono|Any CPU
		{69A1BADF-4974-4D35-A3EC-75B77B0A003B}.Release-Mono|ARM.ActiveCfg = Release-Mono|Any CPU
		{69A1BADF-4974-4D35-A3EC-75B77B0A003B}.Release-Mono|Mixed Platforms.ActiveCfg = Release|Any CPU
		{69A1BADF-4974-4D35-A3EC-75B77B0A003B}.Release-Mono|Mixed Platforms.Build.0 = Release|Any CPU
		{69A1BADF-4974-4D35-A3EC-75B77B0A003B}.Release-Mono|Win32.ActiveCfg = Release|Any CPU
		{69A1BADF-4974-4D35-A3EC-75B77B0A003B}.Release-Mono|x64.ActiveCfg = Release|Any CPU
		{69A1BADF-4974-4D35-A3EC-75B77B0A003B}.Release-Mono|x86.ActiveCfg = Release|Any CPU
		{D30DED6E-E360-4DDD-BD14-02B9361E676E}.Debug|Any CPU.ActiveCfg = Debug|Any CPU
		{D30DED6E-E360-4DDD-BD14-02B9361E676E}.Debug|Any CPU.Build.0 = Debug|Any CPU
		{D30DED6E-E360-4DDD-BD14-02B9361E676E}.Debug|ARM.ActiveCfg = Debug|Any CPU
		{D30DED6E-E360-4DDD-BD14-02B9361E676E}.Debug|Mixed Platforms.ActiveCfg = Debug|Any CPU
		{D30DED6E-E360-4DDD-BD14-02B9361E676E}.Debug|Mixed Platforms.Build.0 = Debug|Any CPU
		{D30DED6E-E360-4DDD-BD14-02B9361E676E}.Debug|Win32.ActiveCfg = Debug|Any CPU
		{D30DED6E-E360-4DDD-BD14-02B9361E676E}.Debug|x64.ActiveCfg = Debug|Any CPU
		{D30DED6E-E360-4DDD-BD14-02B9361E676E}.Debug|x64.Build.0 = Debug|Any CPU
		{D30DED6E-E360-4DDD-BD14-02B9361E676E}.Debug|x86.ActiveCfg = Debug|Any CPU
		{D30DED6E-E360-4DDD-BD14-02B9361E676E}.Debug-Mono|Any CPU.ActiveCfg = Debug|Any CPU
		{D30DED6E-E360-4DDD-BD14-02B9361E676E}.Debug-Mono|Any CPU.Build.0 = Debug|Any CPU
		{D30DED6E-E360-4DDD-BD14-02B9361E676E}.Debug-Mono|ARM.ActiveCfg = Debug|Any CPU
		{D30DED6E-E360-4DDD-BD14-02B9361E676E}.Debug-Mono|Mixed Platforms.ActiveCfg = Debug|Any CPU
		{D30DED6E-E360-4DDD-BD14-02B9361E676E}.Debug-Mono|Mixed Platforms.Build.0 = Debug|Any CPU
		{D30DED6E-E360-4DDD-BD14-02B9361E676E}.Debug-Mono|Win32.ActiveCfg = Debug|Any CPU
		{D30DED6E-E360-4DDD-BD14-02B9361E676E}.Debug-Mono|x64.ActiveCfg = Debug|Any CPU
		{D30DED6E-E360-4DDD-BD14-02B9361E676E}.Debug-Mono|x86.ActiveCfg = Debug|Any CPU
		{D30DED6E-E360-4DDD-BD14-02B9361E676E}.Release|Any CPU.ActiveCfg = Release|Any CPU
		{D30DED6E-E360-4DDD-BD14-02B9361E676E}.Release|Any CPU.Build.0 = Release|Any CPU
		{D30DED6E-E360-4DDD-BD14-02B9361E676E}.Release|ARM.ActiveCfg = Release|Any CPU
		{D30DED6E-E360-4DDD-BD14-02B9361E676E}.Release|Mixed Platforms.ActiveCfg = Release|Any CPU
		{D30DED6E-E360-4DDD-BD14-02B9361E676E}.Release|Mixed Platforms.Build.0 = Release|Any CPU
		{D30DED6E-E360-4DDD-BD14-02B9361E676E}.Release|Win32.ActiveCfg = Release|Any CPU
		{D30DED6E-E360-4DDD-BD14-02B9361E676E}.Release|x64.ActiveCfg = Release|Any CPU
		{D30DED6E-E360-4DDD-BD14-02B9361E676E}.Release|x86.ActiveCfg = Release|Any CPU
		{D30DED6E-E360-4DDD-BD14-02B9361E676E}.Release-Mono|Any CPU.ActiveCfg = Release|Any CPU
		{D30DED6E-E360-4DDD-BD14-02B9361E676E}.Release-Mono|Any CPU.Build.0 = Release|Any CPU
		{D30DED6E-E360-4DDD-BD14-02B9361E676E}.Release-Mono|ARM.ActiveCfg = Release|Any CPU
		{D30DED6E-E360-4DDD-BD14-02B9361E676E}.Release-Mono|Mixed Platforms.ActiveCfg = Release|Any CPU
		{D30DED6E-E360-4DDD-BD14-02B9361E676E}.Release-Mono|Mixed Platforms.Build.0 = Release|Any CPU
		{D30DED6E-E360-4DDD-BD14-02B9361E676E}.Release-Mono|Win32.ActiveCfg = Release|Any CPU
		{D30DED6E-E360-4DDD-BD14-02B9361E676E}.Release-Mono|x64.ActiveCfg = Release|Any CPU
		{D30DED6E-E360-4DDD-BD14-02B9361E676E}.Release-Mono|x86.ActiveCfg = Release|Any CPU
		{8DE3A173-A7A8-447F-846E-16C95F9C22AE}.Debug|Any CPU.ActiveCfg = Debug|Any CPU
		{8DE3A173-A7A8-447F-846E-16C95F9C22AE}.Debug|Any CPU.Build.0 = Debug|Any CPU
		{8DE3A173-A7A8-447F-846E-16C95F9C22AE}.Debug|ARM.ActiveCfg = Debug|Any CPU
		{8DE3A173-A7A8-447F-846E-16C95F9C22AE}.Debug|Mixed Platforms.ActiveCfg = Debug|Any CPU
		{8DE3A173-A7A8-447F-846E-16C95F9C22AE}.Debug|Mixed Platforms.Build.0 = Debug|Any CPU
		{8DE3A173-A7A8-447F-846E-16C95F9C22AE}.Debug|Win32.ActiveCfg = Debug|Any CPU
		{8DE3A173-A7A8-447F-846E-16C95F9C22AE}.Debug|x64.ActiveCfg = Debug|Any CPU
		{8DE3A173-A7A8-447F-846E-16C95F9C22AE}.Debug|x64.Build.0 = Debug|Any CPU
		{8DE3A173-A7A8-447F-846E-16C95F9C22AE}.Debug|x86.ActiveCfg = Debug|Any CPU
		{8DE3A173-A7A8-447F-846E-16C95F9C22AE}.Debug-Mono|Any CPU.ActiveCfg = Debug-Mono|Any CPU
		{8DE3A173-A7A8-447F-846E-16C95F9C22AE}.Debug-Mono|Any CPU.Build.0 = Debug-Mono|Any CPU
		{8DE3A173-A7A8-447F-846E-16C95F9C22AE}.Debug-Mono|ARM.ActiveCfg = Debug-Mono|Any CPU
		{8DE3A173-A7A8-447F-846E-16C95F9C22AE}.Debug-Mono|Mixed Platforms.ActiveCfg = Debug-Mono|Any CPU
		{8DE3A173-A7A8-447F-846E-16C95F9C22AE}.Debug-Mono|Mixed Platforms.Build.0 = Debug-Mono|Any CPU
		{8DE3A173-A7A8-447F-846E-16C95F9C22AE}.Debug-Mono|Win32.ActiveCfg = Debug-Mono|Any CPU
		{8DE3A173-A7A8-447F-846E-16C95F9C22AE}.Debug-Mono|x64.ActiveCfg = Debug-Mono|Any CPU
		{8DE3A173-A7A8-447F-846E-16C95F9C22AE}.Debug-Mono|x86.ActiveCfg = Debug-Mono|Any CPU
		{8DE3A173-A7A8-447F-846E-16C95F9C22AE}.Release|Any CPU.ActiveCfg = Release|Any CPU
		{8DE3A173-A7A8-447F-846E-16C95F9C22AE}.Release|Any CPU.Build.0 = Release|Any CPU
		{8DE3A173-A7A8-447F-846E-16C95F9C22AE}.Release|ARM.ActiveCfg = Release|Any CPU
		{8DE3A173-A7A8-447F-846E-16C95F9C22AE}.Release|Mixed Platforms.ActiveCfg = Release|Any CPU
		{8DE3A173-A7A8-447F-846E-16C95F9C22AE}.Release|Mixed Platforms.Build.0 = Release|Any CPU
		{8DE3A173-A7A8-447F-846E-16C95F9C22AE}.Release|Win32.ActiveCfg = Release|Any CPU
		{8DE3A173-A7A8-447F-846E-16C95F9C22AE}.Release|x64.ActiveCfg = Release|Any CPU
		{8DE3A173-A7A8-447F-846E-16C95F9C22AE}.Release|x86.ActiveCfg = Release|Any CPU
		{8DE3A173-A7A8-447F-846E-16C95F9C22AE}.Release-Mono|Any CPU.ActiveCfg = Release-Mono|Any CPU
		{8DE3A173-A7A8-447F-846E-16C95F9C22AE}.Release-Mono|Any CPU.Build.0 = Release-Mono|Any CPU
		{8DE3A173-A7A8-447F-846E-16C95F9C22AE}.Release-Mono|ARM.ActiveCfg = Release-Mono|Any CPU
		{8DE3A173-A7A8-447F-846E-16C95F9C22AE}.Release-Mono|Mixed Platforms.ActiveCfg = Release-Mono|Any CPU
		{8DE3A173-A7A8-447F-846E-16C95F9C22AE}.Release-Mono|Mixed Platforms.Build.0 = Release-Mono|Any CPU
		{8DE3A173-A7A8-447F-846E-16C95F9C22AE}.Release-Mono|Win32.ActiveCfg = Release-Mono|Any CPU
		{8DE3A173-A7A8-447F-846E-16C95F9C22AE}.Release-Mono|x64.ActiveCfg = Release-Mono|Any CPU
		{8DE3A173-A7A8-447F-846E-16C95F9C22AE}.Release-Mono|x86.ActiveCfg = Release-Mono|Any CPU
		{8629E306-E0C8-4523-AFF6-F88C6E8E8EDA}.Debug|Any CPU.ActiveCfg = Debug|Any CPU
		{8629E306-E0C8-4523-AFF6-F88C6E8E8EDA}.Debug|Any CPU.Build.0 = Debug|Any CPU
		{8629E306-E0C8-4523-AFF6-F88C6E8E8EDA}.Debug|ARM.ActiveCfg = Debug|Any CPU
		{8629E306-E0C8-4523-AFF6-F88C6E8E8EDA}.Debug|Mixed Platforms.ActiveCfg = Debug|Any CPU
		{8629E306-E0C8-4523-AFF6-F88C6E8E8EDA}.Debug|Mixed Platforms.Build.0 = Debug|Any CPU
		{8629E306-E0C8-4523-AFF6-F88C6E8E8EDA}.Debug|Win32.ActiveCfg = Debug|Any CPU
		{8629E306-E0C8-4523-AFF6-F88C6E8E8EDA}.Debug|x64.ActiveCfg = Debug|Any CPU
		{8629E306-E0C8-4523-AFF6-F88C6E8E8EDA}.Debug|x86.ActiveCfg = Debug|Any CPU
		{8629E306-E0C8-4523-AFF6-F88C6E8E8EDA}.Debug-Mono|Any CPU.ActiveCfg = Debug|Any CPU
		{8629E306-E0C8-4523-AFF6-F88C6E8E8EDA}.Debug-Mono|ARM.ActiveCfg = Debug-Mono|Any CPU
		{8629E306-E0C8-4523-AFF6-F88C6E8E8EDA}.Debug-Mono|Mixed Platforms.ActiveCfg = Debug|Any CPU
		{8629E306-E0C8-4523-AFF6-F88C6E8E8EDA}.Debug-Mono|Win32.ActiveCfg = Debug|Any CPU
		{8629E306-E0C8-4523-AFF6-F88C6E8E8EDA}.Debug-Mono|x64.ActiveCfg = Debug|Any CPU
		{8629E306-E0C8-4523-AFF6-F88C6E8E8EDA}.Debug-Mono|x86.ActiveCfg = Debug|Any CPU
		{8629E306-E0C8-4523-AFF6-F88C6E8E8EDA}.Release|Any CPU.ActiveCfg = Release|Any CPU
		{8629E306-E0C8-4523-AFF6-F88C6E8E8EDA}.Release|ARM.ActiveCfg = Release|Any CPU
		{8629E306-E0C8-4523-AFF6-F88C6E8E8EDA}.Release|Mixed Platforms.ActiveCfg = Release|Any CPU
		{8629E306-E0C8-4523-AFF6-F88C6E8E8EDA}.Release|Mixed Platforms.Build.0 = Release|Any CPU
		{8629E306-E0C8-4523-AFF6-F88C6E8E8EDA}.Release|Win32.ActiveCfg = Release|Any CPU
		{8629E306-E0C8-4523-AFF6-F88C6E8E8EDA}.Release|x64.ActiveCfg = Release|Any CPU
		{8629E306-E0C8-4523-AFF6-F88C6E8E8EDA}.Release|x86.ActiveCfg = Release|Any CPU
		{8629E306-E0C8-4523-AFF6-F88C6E8E8EDA}.Release-Mono|Any CPU.ActiveCfg = Release|Any CPU
		{8629E306-E0C8-4523-AFF6-F88C6E8E8EDA}.Release-Mono|ARM.ActiveCfg = Release-Mono|Any CPU
		{8629E306-E0C8-4523-AFF6-F88C6E8E8EDA}.Release-Mono|Mixed Platforms.ActiveCfg = Release|Any CPU
		{8629E306-E0C8-4523-AFF6-F88C6E8E8EDA}.Release-Mono|Win32.ActiveCfg = Release|Any CPU
		{8629E306-E0C8-4523-AFF6-F88C6E8E8EDA}.Release-Mono|x64.ActiveCfg = Release|Any CPU
		{8629E306-E0C8-4523-AFF6-F88C6E8E8EDA}.Release-Mono|x86.ActiveCfg = Release|Any CPU
		{F5A189B1-3E50-4E6F-996B-673CFA59EB3C}.Debug|Any CPU.ActiveCfg = Debug|x86
		{F5A189B1-3E50-4E6F-996B-673CFA59EB3C}.Debug|Any CPU.Build.0 = Debug|x86
		{F5A189B1-3E50-4E6F-996B-673CFA59EB3C}.Debug|ARM.ActiveCfg = Debug|x86
		{F5A189B1-3E50-4E6F-996B-673CFA59EB3C}.Debug|Mixed Platforms.ActiveCfg = Debug|x86
		{F5A189B1-3E50-4E6F-996B-673CFA59EB3C}.Debug|Mixed Platforms.Build.0 = Debug|x86
		{F5A189B1-3E50-4E6F-996B-673CFA59EB3C}.Debug|Win32.ActiveCfg = Debug|x86
		{F5A189B1-3E50-4E6F-996B-673CFA59EB3C}.Debug|x64.ActiveCfg = Debug|x64
		{F5A189B1-3E50-4E6F-996B-673CFA59EB3C}.Debug|x64.Build.0 = Debug|x64
		{F5A189B1-3E50-4E6F-996B-673CFA59EB3C}.Debug|x86.ActiveCfg = Debug|x86
		{F5A189B1-3E50-4E6F-996B-673CFA59EB3C}.Debug|x86.Build.0 = Debug|x86
		{F5A189B1-3E50-4E6F-996B-673CFA59EB3C}.Debug-Mono|Any CPU.ActiveCfg = Debug|x86
		{F5A189B1-3E50-4E6F-996B-673CFA59EB3C}.Debug-Mono|ARM.ActiveCfg = Debug-Mono|x86
		{F5A189B1-3E50-4E6F-996B-673CFA59EB3C}.Debug-Mono|Mixed Platforms.ActiveCfg = Debug|x86
		{F5A189B1-3E50-4E6F-996B-673CFA59EB3C}.Debug-Mono|Mixed Platforms.Build.0 = Debug|x86
		{F5A189B1-3E50-4E6F-996B-673CFA59EB3C}.Debug-Mono|Win32.ActiveCfg = Debug|x86
		{F5A189B1-3E50-4E6F-996B-673CFA59EB3C}.Debug-Mono|x64.ActiveCfg = Debug|x86
		{F5A189B1-3E50-4E6F-996B-673CFA59EB3C}.Debug-Mono|x86.ActiveCfg = Debug|x86
		{F5A189B1-3E50-4E6F-996B-673CFA59EB3C}.Debug-Mono|x86.Build.0 = Debug|x86
		{F5A189B1-3E50-4E6F-996B-673CFA59EB3C}.Release|Any CPU.ActiveCfg = Release|x86
		{F5A189B1-3E50-4E6F-996B-673CFA59EB3C}.Release|Any CPU.Build.0 = Release|x86
		{F5A189B1-3E50-4E6F-996B-673CFA59EB3C}.Release|ARM.ActiveCfg = Release|x86
		{F5A189B1-3E50-4E6F-996B-673CFA59EB3C}.Release|Mixed Platforms.ActiveCfg = Release|x86
		{F5A189B1-3E50-4E6F-996B-673CFA59EB3C}.Release|Mixed Platforms.Build.0 = Release|x86
		{F5A189B1-3E50-4E6F-996B-673CFA59EB3C}.Release|Win32.ActiveCfg = Release|x86
		{F5A189B1-3E50-4E6F-996B-673CFA59EB3C}.Release|x64.ActiveCfg = Release|x86
		{F5A189B1-3E50-4E6F-996B-673CFA59EB3C}.Release|x86.ActiveCfg = Release|x86
		{F5A189B1-3E50-4E6F-996B-673CFA59EB3C}.Release|x86.Build.0 = Release|x86
		{F5A189B1-3E50-4E6F-996B-673CFA59EB3C}.Release-Mono|Any CPU.ActiveCfg = Release|x86
		{F5A189B1-3E50-4E6F-996B-673CFA59EB3C}.Release-Mono|ARM.ActiveCfg = Release-Mono|x86
		{F5A189B1-3E50-4E6F-996B-673CFA59EB3C}.Release-Mono|Mixed Platforms.ActiveCfg = Release|x86
		{F5A189B1-3E50-4E6F-996B-673CFA59EB3C}.Release-Mono|Mixed Platforms.Build.0 = Release|x86
		{F5A189B1-3E50-4E6F-996B-673CFA59EB3C}.Release-Mono|Win32.ActiveCfg = Release|x86
		{F5A189B1-3E50-4E6F-996B-673CFA59EB3C}.Release-Mono|x64.ActiveCfg = Release|x86
		{F5A189B1-3E50-4E6F-996B-673CFA59EB3C}.Release-Mono|x86.ActiveCfg = Release|x86
		{F5A189B1-3E50-4E6F-996B-673CFA59EB3C}.Release-Mono|x86.Build.0 = Release|x86
		{672051E4-EB29-400C-BAC4-E4F057391557}.Debug|Any CPU.ActiveCfg = Debug|x86
		{672051E4-EB29-400C-BAC4-E4F057391557}.Debug|Any CPU.Build.0 = Debug|x86
		{672051E4-EB29-400C-BAC4-E4F057391557}.Debug|ARM.ActiveCfg = Debug|x86
		{672051E4-EB29-400C-BAC4-E4F057391557}.Debug|Mixed Platforms.ActiveCfg = Debug|x86
		{672051E4-EB29-400C-BAC4-E4F057391557}.Debug|Mixed Platforms.Build.0 = Debug|x86
		{672051E4-EB29-400C-BAC4-E4F057391557}.Debug|Win32.ActiveCfg = Debug|x86
		{672051E4-EB29-400C-BAC4-E4F057391557}.Debug|x64.ActiveCfg = Debug|x64
		{672051E4-EB29-400C-BAC4-E4F057391557}.Debug|x64.Build.0 = Debug|x64
		{672051E4-EB29-400C-BAC4-E4F057391557}.Debug|x86.ActiveCfg = Debug|x86
		{672051E4-EB29-400C-BAC4-E4F057391557}.Debug|x86.Build.0 = Debug|x86
		{672051E4-EB29-400C-BAC4-E4F057391557}.Debug-Mono|Any CPU.ActiveCfg = Debug-Mono|x86
		{672051E4-EB29-400C-BAC4-E4F057391557}.Debug-Mono|ARM.ActiveCfg = Debug-Mono|x86
		{672051E4-EB29-400C-BAC4-E4F057391557}.Debug-Mono|Mixed Platforms.ActiveCfg = Debug-Mono|x86
		{672051E4-EB29-400C-BAC4-E4F057391557}.Debug-Mono|Mixed Platforms.Build.0 = Debug-Mono|x86
		{672051E4-EB29-400C-BAC4-E4F057391557}.Debug-Mono|Win32.ActiveCfg = Debug-Mono|x86
		{672051E4-EB29-400C-BAC4-E4F057391557}.Debug-Mono|x64.ActiveCfg = Debug-Mono|x86
		{672051E4-EB29-400C-BAC4-E4F057391557}.Debug-Mono|x86.ActiveCfg = Debug-Mono|x86
		{672051E4-EB29-400C-BAC4-E4F057391557}.Debug-Mono|x86.Build.0 = Debug-Mono|x86
		{672051E4-EB29-400C-BAC4-E4F057391557}.Release|Any CPU.ActiveCfg = Release|x86
		{672051E4-EB29-400C-BAC4-E4F057391557}.Release|ARM.ActiveCfg = Release|x86
		{672051E4-EB29-400C-BAC4-E4F057391557}.Release|Mixed Platforms.ActiveCfg = Release|x86
		{672051E4-EB29-400C-BAC4-E4F057391557}.Release|Mixed Platforms.Build.0 = Release|x86
		{672051E4-EB29-400C-BAC4-E4F057391557}.Release|Win32.ActiveCfg = Release|x86
		{672051E4-EB29-400C-BAC4-E4F057391557}.Release|x64.ActiveCfg = Release|x86
		{672051E4-EB29-400C-BAC4-E4F057391557}.Release|x86.ActiveCfg = Release|x86
		{672051E4-EB29-400C-BAC4-E4F057391557}.Release|x86.Build.0 = Release|x86
		{672051E4-EB29-400C-BAC4-E4F057391557}.Release-Mono|Any CPU.ActiveCfg = Release-Mono|x86
		{672051E4-EB29-400C-BAC4-E4F057391557}.Release-Mono|ARM.ActiveCfg = Release-Mono|x86
		{672051E4-EB29-400C-BAC4-E4F057391557}.Release-Mono|Mixed Platforms.ActiveCfg = Release-Mono|x86
		{672051E4-EB29-400C-BAC4-E4F057391557}.Release-Mono|Mixed Platforms.Build.0 = Release-Mono|x86
		{672051E4-EB29-400C-BAC4-E4F057391557}.Release-Mono|Win32.ActiveCfg = Release-Mono|x86
		{672051E4-EB29-400C-BAC4-E4F057391557}.Release-Mono|x64.ActiveCfg = Release-Mono|x86
		{672051E4-EB29-400C-BAC4-E4F057391557}.Release-Mono|x86.ActiveCfg = Release-Mono|x86
		{672051E4-EB29-400C-BAC4-E4F057391557}.Release-Mono|x86.Build.0 = Release-Mono|x86
		{7A6DED26-F6C0-4348-B7C8-31681236EBFD}.Debug|Any CPU.ActiveCfg = Debug|x86
		{7A6DED26-F6C0-4348-B7C8-31681236EBFD}.Debug|ARM.ActiveCfg = Debug|x86
		{7A6DED26-F6C0-4348-B7C8-31681236EBFD}.Debug|Mixed Platforms.ActiveCfg = Debug|x86
		{7A6DED26-F6C0-4348-B7C8-31681236EBFD}.Debug|Mixed Platforms.Build.0 = Debug|x86
		{7A6DED26-F6C0-4348-B7C8-31681236EBFD}.Debug|Win32.ActiveCfg = Debug|x86
		{7A6DED26-F6C0-4348-B7C8-31681236EBFD}.Debug|x64.ActiveCfg = Debug|x86
		{7A6DED26-F6C0-4348-B7C8-31681236EBFD}.Debug|x86.ActiveCfg = Debug|x86
		{7A6DED26-F6C0-4348-B7C8-31681236EBFD}.Debug|x86.Build.0 = Debug|x86
		{7A6DED26-F6C0-4348-B7C8-31681236EBFD}.Debug-Mono|Any CPU.ActiveCfg = Debug-Mono|x86
		{7A6DED26-F6C0-4348-B7C8-31681236EBFD}.Debug-Mono|ARM.ActiveCfg = Debug-Mono|x86
		{7A6DED26-F6C0-4348-B7C8-31681236EBFD}.Debug-Mono|Mixed Platforms.ActiveCfg = Debug-Mono|x86
		{7A6DED26-F6C0-4348-B7C8-31681236EBFD}.Debug-Mono|Mixed Platforms.Build.0 = Debug-Mono|x86
		{7A6DED26-F6C0-4348-B7C8-31681236EBFD}.Debug-Mono|Win32.ActiveCfg = Debug-Mono|x86
		{7A6DED26-F6C0-4348-B7C8-31681236EBFD}.Debug-Mono|x64.ActiveCfg = Debug-Mono|x86
		{7A6DED26-F6C0-4348-B7C8-31681236EBFD}.Debug-Mono|x86.ActiveCfg = Debug-Mono|x86
		{7A6DED26-F6C0-4348-B7C8-31681236EBFD}.Debug-Mono|x86.Build.0 = Debug-Mono|x86
		{7A6DED26-F6C0-4348-B7C8-31681236EBFD}.Release|Any CPU.ActiveCfg = Release|x86
		{7A6DED26-F6C0-4348-B7C8-31681236EBFD}.Release|ARM.ActiveCfg = Release|x86
		{7A6DED26-F6C0-4348-B7C8-31681236EBFD}.Release|Mixed Platforms.ActiveCfg = Release|x86
		{7A6DED26-F6C0-4348-B7C8-31681236EBFD}.Release|Mixed Platforms.Build.0 = Release|x86
		{7A6DED26-F6C0-4348-B7C8-31681236EBFD}.Release|Win32.ActiveCfg = Release|x86
		{7A6DED26-F6C0-4348-B7C8-31681236EBFD}.Release|x64.ActiveCfg = Release|x86
		{7A6DED26-F6C0-4348-B7C8-31681236EBFD}.Release|x86.ActiveCfg = Release|x86
		{7A6DED26-F6C0-4348-B7C8-31681236EBFD}.Release|x86.Build.0 = Release|x86
		{7A6DED26-F6C0-4348-B7C8-31681236EBFD}.Release-Mono|Any CPU.ActiveCfg = Release-Mono|x86
		{7A6DED26-F6C0-4348-B7C8-31681236EBFD}.Release-Mono|ARM.ActiveCfg = Release-Mono|x86
		{7A6DED26-F6C0-4348-B7C8-31681236EBFD}.Release-Mono|Mixed Platforms.ActiveCfg = Release-Mono|x86
		{7A6DED26-F6C0-4348-B7C8-31681236EBFD}.Release-Mono|Mixed Platforms.Build.0 = Release-Mono|x86
		{7A6DED26-F6C0-4348-B7C8-31681236EBFD}.Release-Mono|Win32.ActiveCfg = Release-Mono|x86
		{7A6DED26-F6C0-4348-B7C8-31681236EBFD}.Release-Mono|x64.ActiveCfg = Release-Mono|x86
		{7A6DED26-F6C0-4348-B7C8-31681236EBFD}.Release-Mono|x86.ActiveCfg = Release-Mono|x86
		{7A6DED26-F6C0-4348-B7C8-31681236EBFD}.Release-Mono|x86.Build.0 = Release-Mono|x86
		{3B0EB829-A618-47D7-A38A-E94545FF2FC1}.Debug|Any CPU.ActiveCfg = Debug|x86
		{3B0EB829-A618-47D7-A38A-E94545FF2FC1}.Debug|ARM.ActiveCfg = Debug|x86
		{3B0EB829-A618-47D7-A38A-E94545FF2FC1}.Debug|Mixed Platforms.ActiveCfg = Debug|x86
		{3B0EB829-A618-47D7-A38A-E94545FF2FC1}.Debug|Mixed Platforms.Build.0 = Debug|x86
		{3B0EB829-A618-47D7-A38A-E94545FF2FC1}.Debug|Win32.ActiveCfg = Debug|x86
		{3B0EB829-A618-47D7-A38A-E94545FF2FC1}.Debug|x64.ActiveCfg = Debug|x86
		{3B0EB829-A618-47D7-A38A-E94545FF2FC1}.Debug|x86.ActiveCfg = Debug|x86
		{3B0EB829-A618-47D7-A38A-E94545FF2FC1}.Debug|x86.Build.0 = Debug|x86
		{3B0EB829-A618-47D7-A38A-E94545FF2FC1}.Debug-Mono|Any CPU.ActiveCfg = Debug-Mono|x86
		{3B0EB829-A618-47D7-A38A-E94545FF2FC1}.Debug-Mono|ARM.ActiveCfg = Debug-Mono|x86
		{3B0EB829-A618-47D7-A38A-E94545FF2FC1}.Debug-Mono|Mixed Platforms.ActiveCfg = Debug-Mono|x86
		{3B0EB829-A618-47D7-A38A-E94545FF2FC1}.Debug-Mono|Mixed Platforms.Build.0 = Debug-Mono|x86
		{3B0EB829-A618-47D7-A38A-E94545FF2FC1}.Debug-Mono|Win32.ActiveCfg = Debug-Mono|x86
		{3B0EB829-A618-47D7-A38A-E94545FF2FC1}.Debug-Mono|x64.ActiveCfg = Debug-Mono|x86
		{3B0EB829-A618-47D7-A38A-E94545FF2FC1}.Debug-Mono|x86.ActiveCfg = Debug-Mono|x86
		{3B0EB829-A618-47D7-A38A-E94545FF2FC1}.Debug-Mono|x86.Build.0 = Debug-Mono|x86
		{3B0EB829-A618-47D7-A38A-E94545FF2FC1}.Release|Any CPU.ActiveCfg = Release|x86
		{3B0EB829-A618-47D7-A38A-E94545FF2FC1}.Release|ARM.ActiveCfg = Release|x86
		{3B0EB829-A618-47D7-A38A-E94545FF2FC1}.Release|Mixed Platforms.ActiveCfg = Release|x86
		{3B0EB829-A618-47D7-A38A-E94545FF2FC1}.Release|Mixed Platforms.Build.0 = Release|x86
		{3B0EB829-A618-47D7-A38A-E94545FF2FC1}.Release|Win32.ActiveCfg = Release|x86
		{3B0EB829-A618-47D7-A38A-E94545FF2FC1}.Release|x64.ActiveCfg = Release|x86
		{3B0EB829-A618-47D7-A38A-E94545FF2FC1}.Release|x86.ActiveCfg = Release|x86
		{3B0EB829-A618-47D7-A38A-E94545FF2FC1}.Release|x86.Build.0 = Release|x86
		{3B0EB829-A618-47D7-A38A-E94545FF2FC1}.Release-Mono|Any CPU.ActiveCfg = Release-Mono|x86
		{3B0EB829-A618-47D7-A38A-E94545FF2FC1}.Release-Mono|ARM.ActiveCfg = Release-Mono|x86
		{3B0EB829-A618-47D7-A38A-E94545FF2FC1}.Release-Mono|Mixed Platforms.ActiveCfg = Release-Mono|x86
		{3B0EB829-A618-47D7-A38A-E94545FF2FC1}.Release-Mono|Mixed Platforms.Build.0 = Release-Mono|x86
		{3B0EB829-A618-47D7-A38A-E94545FF2FC1}.Release-Mono|Win32.ActiveCfg = Release-Mono|x86
		{3B0EB829-A618-47D7-A38A-E94545FF2FC1}.Release-Mono|x64.ActiveCfg = Release-Mono|x86
		{3B0EB829-A618-47D7-A38A-E94545FF2FC1}.Release-Mono|x86.ActiveCfg = Release-Mono|x86
		{3B0EB829-A618-47D7-A38A-E94545FF2FC1}.Release-Mono|x86.Build.0 = Release-Mono|x86
		{53796A00-C33A-40FF-B28D-F977EB8A9103}.Debug|Any CPU.ActiveCfg = Debug|Win32
		{53796A00-C33A-40FF-B28D-F977EB8A9103}.Debug|Any CPU.Build.0 = Debug|Win32
		{53796A00-C33A-40FF-B28D-F977EB8A9103}.Debug|ARM.ActiveCfg = Debug|Win32
		{53796A00-C33A-40FF-B28D-F977EB8A9103}.Debug|Mixed Platforms.ActiveCfg = Debug|Win32
		{53796A00-C33A-40FF-B28D-F977EB8A9103}.Debug|Mixed Platforms.Build.0 = Debug|Win32
		{53796A00-C33A-40FF-B28D-F977EB8A9103}.Debug|Win32.ActiveCfg = Debug|Win32
		{53796A00-C33A-40FF-B28D-F977EB8A9103}.Debug|Win32.Build.0 = Debug|Win32
		{53796A00-C33A-40FF-B28D-F977EB8A9103}.Debug|x64.ActiveCfg = Debug|x64
		{53796A00-C33A-40FF-B28D-F977EB8A9103}.Debug|x64.Build.0 = Debug|x64
		{53796A00-C33A-40FF-B28D-F977EB8A9103}.Debug|x86.ActiveCfg = Debug|Win32
		{53796A00-C33A-40FF-B28D-F977EB8A9103}.Debug-Mono|Any CPU.ActiveCfg = Debug-Mono|Win32
		{53796A00-C33A-40FF-B28D-F977EB8A9103}.Debug-Mono|ARM.ActiveCfg = Debug-Mono|Win32
		{53796A00-C33A-40FF-B28D-F977EB8A9103}.Debug-Mono|Mixed Platforms.ActiveCfg = Debug-Mono|Win32
		{53796A00-C33A-40FF-B28D-F977EB8A9103}.Debug-Mono|Mixed Platforms.Build.0 = Debug-Mono|Win32
		{53796A00-C33A-40FF-B28D-F977EB8A9103}.Debug-Mono|Win32.ActiveCfg = Debug-Mono|Win32
		{53796A00-C33A-40FF-B28D-F977EB8A9103}.Debug-Mono|Win32.Build.0 = Debug-Mono|Win32
		{53796A00-C33A-40FF-B28D-F977EB8A9103}.Debug-Mono|x64.ActiveCfg = Debug-Mono|Win32
		{53796A00-C33A-40FF-B28D-F977EB8A9103}.Debug-Mono|x86.ActiveCfg = Debug-Mono|Win32
		{53796A00-C33A-40FF-B28D-F977EB8A9103}.Release|Any CPU.ActiveCfg = Release|Win32
		{53796A00-C33A-40FF-B28D-F977EB8A9103}.Release|Any CPU.Build.0 = Release|Win32
		{53796A00-C33A-40FF-B28D-F977EB8A9103}.Release|ARM.ActiveCfg = Release|Win32
		{53796A00-C33A-40FF-B28D-F977EB8A9103}.Release|Mixed Platforms.ActiveCfg = Release|Win32
		{53796A00-C33A-40FF-B28D-F977EB8A9103}.Release|Mixed Platforms.Build.0 = Release|Win32
		{53796A00-C33A-40FF-B28D-F977EB8A9103}.Release|Win32.ActiveCfg = Release|Win32
		{53796A00-C33A-40FF-B28D-F977EB8A9103}.Release|Win32.Build.0 = Release|Win32
		{53796A00-C33A-40FF-B28D-F977EB8A9103}.Release|x64.ActiveCfg = Release|Win32
		{53796A00-C33A-40FF-B28D-F977EB8A9103}.Release|x86.ActiveCfg = Release|Win32
		{53796A00-C33A-40FF-B28D-F977EB8A9103}.Release-Mono|Any CPU.ActiveCfg = Release-Mono|Win32
		{53796A00-C33A-40FF-B28D-F977EB8A9103}.Release-Mono|ARM.ActiveCfg = Release-Mono|Win32
		{53796A00-C33A-40FF-B28D-F977EB8A9103}.Release-Mono|Mixed Platforms.ActiveCfg = Release-Mono|Win32
		{53796A00-C33A-40FF-B28D-F977EB8A9103}.Release-Mono|Mixed Platforms.Build.0 = Release-Mono|Win32
		{53796A00-C33A-40FF-B28D-F977EB8A9103}.Release-Mono|Win32.ActiveCfg = Release-Mono|Win32
		{53796A00-C33A-40FF-B28D-F977EB8A9103}.Release-Mono|Win32.Build.0 = Release-Mono|Win32
		{53796A00-C33A-40FF-B28D-F977EB8A9103}.Release-Mono|x64.ActiveCfg = Release-Mono|Win32
		{53796A00-C33A-40FF-B28D-F977EB8A9103}.Release-Mono|x86.ActiveCfg = Release-Mono|Win32
		{B914EE15-6A3C-4BAA-AB12-932D1325C86D}.Debug|Any CPU.ActiveCfg = Debug|x86
		{B914EE15-6A3C-4BAA-AB12-932D1325C86D}.Debug|Any CPU.Build.0 = Debug|x86
		{B914EE15-6A3C-4BAA-AB12-932D1325C86D}.Debug|ARM.ActiveCfg = Debug|x86
		{B914EE15-6A3C-4BAA-AB12-932D1325C86D}.Debug|Mixed Platforms.ActiveCfg = Debug|x86
		{B914EE15-6A3C-4BAA-AB12-932D1325C86D}.Debug|Mixed Platforms.Build.0 = Debug|x86
		{B914EE15-6A3C-4BAA-AB12-932D1325C86D}.Debug|Win32.ActiveCfg = Debug|x86
		{B914EE15-6A3C-4BAA-AB12-932D1325C86D}.Debug|x64.ActiveCfg = Debug|x64
		{B914EE15-6A3C-4BAA-AB12-932D1325C86D}.Debug|x64.Build.0 = Debug|x64
		{B914EE15-6A3C-4BAA-AB12-932D1325C86D}.Debug|x86.ActiveCfg = Debug|x86
		{B914EE15-6A3C-4BAA-AB12-932D1325C86D}.Debug|x86.Build.0 = Debug|x86
		{B914EE15-6A3C-4BAA-AB12-932D1325C86D}.Debug-Mono|Any CPU.ActiveCfg = Debug-Mono|x86
		{B914EE15-6A3C-4BAA-AB12-932D1325C86D}.Debug-Mono|ARM.ActiveCfg = Debug-Mono|x86
		{B914EE15-6A3C-4BAA-AB12-932D1325C86D}.Debug-Mono|Mixed Platforms.ActiveCfg = Debug-Mono|x86
		{B914EE15-6A3C-4BAA-AB12-932D1325C86D}.Debug-Mono|Mixed Platforms.Build.0 = Debug-Mono|x86
		{B914EE15-6A3C-4BAA-AB12-932D1325C86D}.Debug-Mono|Win32.ActiveCfg = Debug-Mono|x86
		{B914EE15-6A3C-4BAA-AB12-932D1325C86D}.Debug-Mono|x64.ActiveCfg = Debug-Mono|x86
		{B914EE15-6A3C-4BAA-AB12-932D1325C86D}.Debug-Mono|x86.ActiveCfg = Debug-Mono|x86
		{B914EE15-6A3C-4BAA-AB12-932D1325C86D}.Debug-Mono|x86.Build.0 = Debug-Mono|x86
		{B914EE15-6A3C-4BAA-AB12-932D1325C86D}.Release|Any CPU.ActiveCfg = Release|x86
		{B914EE15-6A3C-4BAA-AB12-932D1325C86D}.Release|Any CPU.Build.0 = Release|x86
		{B914EE15-6A3C-4BAA-AB12-932D1325C86D}.Release|ARM.ActiveCfg = Release|x86
		{B914EE15-6A3C-4BAA-AB12-932D1325C86D}.Release|Mixed Platforms.ActiveCfg = Release|x86
		{B914EE15-6A3C-4BAA-AB12-932D1325C86D}.Release|Mixed Platforms.Build.0 = Release|x86
		{B914EE15-6A3C-4BAA-AB12-932D1325C86D}.Release|Win32.ActiveCfg = Release|x86
		{B914EE15-6A3C-4BAA-AB12-932D1325C86D}.Release|x64.ActiveCfg = Release|x86
		{B914EE15-6A3C-4BAA-AB12-932D1325C86D}.Release|x86.ActiveCfg = Release|x86
		{B914EE15-6A3C-4BAA-AB12-932D1325C86D}.Release|x86.Build.0 = Release|x86
		{B914EE15-6A3C-4BAA-AB12-932D1325C86D}.Release-Mono|Any CPU.ActiveCfg = Release-Mono|x86
		{B914EE15-6A3C-4BAA-AB12-932D1325C86D}.Release-Mono|ARM.ActiveCfg = Release-Mono|x86
		{B914EE15-6A3C-4BAA-AB12-932D1325C86D}.Release-Mono|Mixed Platforms.ActiveCfg = Release-Mono|x86
		{B914EE15-6A3C-4BAA-AB12-932D1325C86D}.Release-Mono|Mixed Platforms.Build.0 = Release-Mono|x86
		{B914EE15-6A3C-4BAA-AB12-932D1325C86D}.Release-Mono|Win32.ActiveCfg = Release-Mono|x86
		{B914EE15-6A3C-4BAA-AB12-932D1325C86D}.Release-Mono|x64.ActiveCfg = Release-Mono|x86
		{B914EE15-6A3C-4BAA-AB12-932D1325C86D}.Release-Mono|x86.ActiveCfg = Release-Mono|x86
		{B914EE15-6A3C-4BAA-AB12-932D1325C86D}.Release-Mono|x86.Build.0 = Release-Mono|x86
		{CB219B28-DC51-4E22-BC61-80B97D8A39C0}.Debug|Any CPU.ActiveCfg = Debug|Any CPU
		{CB219B28-DC51-4E22-BC61-80B97D8A39C0}.Debug|Any CPU.Build.0 = Debug|Any CPU
		{CB219B28-DC51-4E22-BC61-80B97D8A39C0}.Debug|ARM.ActiveCfg = Debug|Any CPU
		{CB219B28-DC51-4E22-BC61-80B97D8A39C0}.Debug|Mixed Platforms.ActiveCfg = Debug|Any CPU
		{CB219B28-DC51-4E22-BC61-80B97D8A39C0}.Debug|Mixed Platforms.Build.0 = Debug|Any CPU
		{CB219B28-DC51-4E22-BC61-80B97D8A39C0}.Debug|Win32.ActiveCfg = Debug|x64
		{CB219B28-DC51-4E22-BC61-80B97D8A39C0}.Debug|x64.ActiveCfg = Debug|x64
		{CB219B28-DC51-4E22-BC61-80B97D8A39C0}.Debug|x64.Build.0 = Debug|x64
		{CB219B28-DC51-4E22-BC61-80B97D8A39C0}.Debug|x86.ActiveCfg = Debug|Any CPU
		{CB219B28-DC51-4E22-BC61-80B97D8A39C0}.Debug-Mono|Any CPU.ActiveCfg = Debug-Mono|Any CPU
		{CB219B28-DC51-4E22-BC61-80B97D8A39C0}.Debug-Mono|Any CPU.Build.0 = Debug-Mono|Any CPU
		{CB219B28-DC51-4E22-BC61-80B97D8A39C0}.Debug-Mono|ARM.ActiveCfg = Debug-Mono|Any CPU
		{CB219B28-DC51-4E22-BC61-80B97D8A39C0}.Debug-Mono|Mixed Platforms.ActiveCfg = Debug|x64
		{CB219B28-DC51-4E22-BC61-80B97D8A39C0}.Debug-Mono|Mixed Platforms.Build.0 = Debug|x64
		{CB219B28-DC51-4E22-BC61-80B97D8A39C0}.Debug-Mono|Win32.ActiveCfg = Debug|x64
		{CB219B28-DC51-4E22-BC61-80B97D8A39C0}.Debug-Mono|x64.ActiveCfg = Debug|x64
		{CB219B28-DC51-4E22-BC61-80B97D8A39C0}.Debug-Mono|x64.Build.0 = Debug|x64
		{CB219B28-DC51-4E22-BC61-80B97D8A39C0}.Debug-Mono|x86.ActiveCfg = Debug|x64
		{CB219B28-DC51-4E22-BC61-80B97D8A39C0}.Release|Any CPU.ActiveCfg = Release|Any CPU
		{CB219B28-DC51-4E22-BC61-80B97D8A39C0}.Release|Any CPU.Build.0 = Release|Any CPU
		{CB219B28-DC51-4E22-BC61-80B97D8A39C0}.Release|ARM.ActiveCfg = Release|Any CPU
		{CB219B28-DC51-4E22-BC61-80B97D8A39C0}.Release|Mixed Platforms.ActiveCfg = Release|x64
		{CB219B28-DC51-4E22-BC61-80B97D8A39C0}.Release|Mixed Platforms.Build.0 = Release|x64
		{CB219B28-DC51-4E22-BC61-80B97D8A39C0}.Release|Win32.ActiveCfg = Release|x64
		{CB219B28-DC51-4E22-BC61-80B97D8A39C0}.Release|x64.ActiveCfg = Release|x64
		{CB219B28-DC51-4E22-BC61-80B97D8A39C0}.Release|x64.Build.0 = Release|x64
		{CB219B28-DC51-4E22-BC61-80B97D8A39C0}.Release|x86.ActiveCfg = Release|x64
		{CB219B28-DC51-4E22-BC61-80B97D8A39C0}.Release-Mono|Any CPU.ActiveCfg = Release|x64
		{CB219B28-DC51-4E22-BC61-80B97D8A39C0}.Release-Mono|Any CPU.Build.0 = Release|x64
		{CB219B28-DC51-4E22-BC61-80B97D8A39C0}.Release-Mono|ARM.ActiveCfg = Release-Mono|Any CPU
		{CB219B28-DC51-4E22-BC61-80B97D8A39C0}.Release-Mono|Mixed Platforms.ActiveCfg = Release|x64
		{CB219B28-DC51-4E22-BC61-80B97D8A39C0}.Release-Mono|Mixed Platforms.Build.0 = Release|x64
		{CB219B28-DC51-4E22-BC61-80B97D8A39C0}.Release-Mono|Win32.ActiveCfg = Release|x64
		{CB219B28-DC51-4E22-BC61-80B97D8A39C0}.Release-Mono|x64.ActiveCfg = Release|x64
		{CB219B28-DC51-4E22-BC61-80B97D8A39C0}.Release-Mono|x64.Build.0 = Release|x64
		{CB219B28-DC51-4E22-BC61-80B97D8A39C0}.Release-Mono|x86.ActiveCfg = Release|x64
		{6D3414FC-4336-426A-BED4-814AB331FDF0}.Debug|Any CPU.ActiveCfg = Debug|Win32
		{6D3414FC-4336-426A-BED4-814AB331FDF0}.Debug|Any CPU.Build.0 = Debug|Win32
		{6D3414FC-4336-426A-BED4-814AB331FDF0}.Debug|ARM.ActiveCfg = Debug|Win32
		{6D3414FC-4336-426A-BED4-814AB331FDF0}.Debug|Mixed Platforms.ActiveCfg = Debug|Win32
		{6D3414FC-4336-426A-BED4-814AB331FDF0}.Debug|Mixed Platforms.Build.0 = Debug|Win32
		{6D3414FC-4336-426A-BED4-814AB331FDF0}.Debug|Win32.ActiveCfg = Debug|Win32
		{6D3414FC-4336-426A-BED4-814AB331FDF0}.Debug|Win32.Build.0 = Debug|Win32
		{6D3414FC-4336-426A-BED4-814AB331FDF0}.Debug|x64.ActiveCfg = Debug|x64
		{6D3414FC-4336-426A-BED4-814AB331FDF0}.Debug|x64.Build.0 = Debug|x64
		{6D3414FC-4336-426A-BED4-814AB331FDF0}.Debug|x86.ActiveCfg = Debug|x64
		{6D3414FC-4336-426A-BED4-814AB331FDF0}.Debug-Mono|Any CPU.ActiveCfg = Debug|x64
		{6D3414FC-4336-426A-BED4-814AB331FDF0}.Debug-Mono|ARM.ActiveCfg = Debug-Mono|Win32
		{6D3414FC-4336-426A-BED4-814AB331FDF0}.Debug-Mono|Mixed Platforms.ActiveCfg = Debug|x64
		{6D3414FC-4336-426A-BED4-814AB331FDF0}.Debug-Mono|Mixed Platforms.Build.0 = Debug|x64
		{6D3414FC-4336-426A-BED4-814AB331FDF0}.Debug-Mono|Win32.ActiveCfg = Debug|x64
		{6D3414FC-4336-426A-BED4-814AB331FDF0}.Debug-Mono|x64.ActiveCfg = Debug|x64
		{6D3414FC-4336-426A-BED4-814AB331FDF0}.Debug-Mono|x64.Build.0 = Debug|x64
		{6D3414FC-4336-426A-BED4-814AB331FDF0}.Debug-Mono|x86.ActiveCfg = Debug|x64
		{6D3414FC-4336-426A-BED4-814AB331FDF0}.Release|Any CPU.ActiveCfg = Release|Win32
		{6D3414FC-4336-426A-BED4-814AB331FDF0}.Release|Any CPU.Build.0 = Release|Win32
		{6D3414FC-4336-426A-BED4-814AB331FDF0}.Release|ARM.ActiveCfg = Release|Win32
		{6D3414FC-4336-426A-BED4-814AB331FDF0}.Release|Mixed Platforms.ActiveCfg = Release|x64
		{6D3414FC-4336-426A-BED4-814AB331FDF0}.Release|Mixed Platforms.Build.0 = Release|x64
		{6D3414FC-4336-426A-BED4-814AB331FDF0}.Release|Win32.ActiveCfg = Release|Win32
		{6D3414FC-4336-426A-BED4-814AB331FDF0}.Release|Win32.Build.0 = Release|Win32
		{6D3414FC-4336-426A-BED4-814AB331FDF0}.Release|x64.ActiveCfg = Release|x64
		{6D3414FC-4336-426A-BED4-814AB331FDF0}.Release|x64.Build.0 = Release|x64
		{6D3414FC-4336-426A-BED4-814AB331FDF0}.Release|x86.ActiveCfg = Release|x64
		{6D3414FC-4336-426A-BED4-814AB331FDF0}.Release-Mono|Any CPU.ActiveCfg = Release|x64
		{6D3414FC-4336-426A-BED4-814AB331FDF0}.Release-Mono|ARM.ActiveCfg = Release-Mono|Win32
		{6D3414FC-4336-426A-BED4-814AB331FDF0}.Release-Mono|Mixed Platforms.ActiveCfg = Release|x64
		{6D3414FC-4336-426A-BED4-814AB331FDF0}.Release-Mono|Mixed Platforms.Build.0 = Release|x64
		{6D3414FC-4336-426A-BED4-814AB331FDF0}.Release-Mono|Win32.ActiveCfg = Release|x64
		{6D3414FC-4336-426A-BED4-814AB331FDF0}.Release-Mono|x64.ActiveCfg = Release|x64
		{6D3414FC-4336-426A-BED4-814AB331FDF0}.Release-Mono|x64.Build.0 = Release|x64
		{6D3414FC-4336-426A-BED4-814AB331FDF0}.Release-Mono|x86.ActiveCfg = Release|x64
		{61482F5F-76E8-484B-BB0B-921C532D87BB}.Debug|Any CPU.ActiveCfg = Debug|x86
		{61482F5F-76E8-484B-BB0B-921C532D87BB}.Debug|ARM.ActiveCfg = Debug|x86
		{61482F5F-76E8-484B-BB0B-921C532D87BB}.Debug|Mixed Platforms.ActiveCfg = Debug|x86
		{61482F5F-76E8-484B-BB0B-921C532D87BB}.Debug|Mixed Platforms.Build.0 = Debug|x86
		{61482F5F-76E8-484B-BB0B-921C532D87BB}.Debug|Win32.ActiveCfg = Debug|x86
		{61482F5F-76E8-484B-BB0B-921C532D87BB}.Debug|x64.ActiveCfg = Debug|x86
		{61482F5F-76E8-484B-BB0B-921C532D87BB}.Debug|x86.ActiveCfg = Debug|x86
		{61482F5F-76E8-484B-BB0B-921C532D87BB}.Debug|x86.Build.0 = Debug|x86
		{61482F5F-76E8-484B-BB0B-921C532D87BB}.Debug-Mono|Any CPU.ActiveCfg = Debug-Mono|x86
		{61482F5F-76E8-484B-BB0B-921C532D87BB}.Debug-Mono|ARM.ActiveCfg = Debug-Mono|x86
		{61482F5F-76E8-484B-BB0B-921C532D87BB}.Debug-Mono|Mixed Platforms.ActiveCfg = Debug-Mono|x86
		{61482F5F-76E8-484B-BB0B-921C532D87BB}.Debug-Mono|Mixed Platforms.Build.0 = Debug-Mono|x86
		{61482F5F-76E8-484B-BB0B-921C532D87BB}.Debug-Mono|Win32.ActiveCfg = Debug-Mono|x86
		{61482F5F-76E8-484B-BB0B-921C532D87BB}.Debug-Mono|x64.ActiveCfg = Debug-Mono|x86
		{61482F5F-76E8-484B-BB0B-921C532D87BB}.Debug-Mono|x86.ActiveCfg = Debug-Mono|x86
		{61482F5F-76E8-484B-BB0B-921C532D87BB}.Debug-Mono|x86.Build.0 = Debug-Mono|x86
		{61482F5F-76E8-484B-BB0B-921C532D87BB}.Release|Any CPU.ActiveCfg = Release|x86
		{61482F5F-76E8-484B-BB0B-921C532D87BB}.Release|ARM.ActiveCfg = Release|x86
		{61482F5F-76E8-484B-BB0B-921C532D87BB}.Release|Mixed Platforms.ActiveCfg = Release|x86
		{61482F5F-76E8-484B-BB0B-921C532D87BB}.Release|Mixed Platforms.Build.0 = Release|x86
		{61482F5F-76E8-484B-BB0B-921C532D87BB}.Release|Win32.ActiveCfg = Release|x86
		{61482F5F-76E8-484B-BB0B-921C532D87BB}.Release|x64.ActiveCfg = Release|x86
		{61482F5F-76E8-484B-BB0B-921C532D87BB}.Release|x86.ActiveCfg = Release|x86
		{61482F5F-76E8-484B-BB0B-921C532D87BB}.Release|x86.Build.0 = Release|x86
		{61482F5F-76E8-484B-BB0B-921C532D87BB}.Release-Mono|Any CPU.ActiveCfg = Release-Mono|x86
		{61482F5F-76E8-484B-BB0B-921C532D87BB}.Release-Mono|ARM.ActiveCfg = Release-Mono|x86
		{61482F5F-76E8-484B-BB0B-921C532D87BB}.Release-Mono|Mixed Platforms.ActiveCfg = Release-Mono|x86
		{61482F5F-76E8-484B-BB0B-921C532D87BB}.Release-Mono|Mixed Platforms.Build.0 = Release-Mono|x86
		{61482F5F-76E8-484B-BB0B-921C532D87BB}.Release-Mono|Win32.ActiveCfg = Release-Mono|x86
		{61482F5F-76E8-484B-BB0B-921C532D87BB}.Release-Mono|x64.ActiveCfg = Release-Mono|x86
		{61482F5F-76E8-484B-BB0B-921C532D87BB}.Release-Mono|x86.ActiveCfg = Release-Mono|x86
		{61482F5F-76E8-484B-BB0B-921C532D87BB}.Release-Mono|x86.Build.0 = Release-Mono|x86
		{D6B49DD9-1145-4F43-A48F-CB47C2CA15C4}.Debug|Any CPU.ActiveCfg = Debug|Any CPU
		{D6B49DD9-1145-4F43-A48F-CB47C2CA15C4}.Debug|Any CPU.Build.0 = Debug|Any CPU
		{D6B49DD9-1145-4F43-A48F-CB47C2CA15C4}.Debug|ARM.ActiveCfg = Debug|Any CPU
		{D6B49DD9-1145-4F43-A48F-CB47C2CA15C4}.Debug|Mixed Platforms.ActiveCfg = Debug|Any CPU
		{D6B49DD9-1145-4F43-A48F-CB47C2CA15C4}.Debug|Mixed Platforms.Build.0 = Debug|Any CPU
		{D6B49DD9-1145-4F43-A48F-CB47C2CA15C4}.Debug|Win32.ActiveCfg = Debug|Any CPU
		{D6B49DD9-1145-4F43-A48F-CB47C2CA15C4}.Debug|x64.ActiveCfg = Debug|Any CPU
		{D6B49DD9-1145-4F43-A48F-CB47C2CA15C4}.Debug|x86.ActiveCfg = Debug|Any CPU
		{D6B49DD9-1145-4F43-A48F-CB47C2CA15C4}.Debug-Mono|Any CPU.ActiveCfg = Debug|Any CPU
		{D6B49DD9-1145-4F43-A48F-CB47C2CA15C4}.Debug-Mono|Any CPU.Build.0 = Debug|Any CPU
		{D6B49DD9-1145-4F43-A48F-CB47C2CA15C4}.Debug-Mono|ARM.ActiveCfg = Debug-Mono|Any CPU
		{D6B49DD9-1145-4F43-A48F-CB47C2CA15C4}.Debug-Mono|Mixed Platforms.ActiveCfg = Debug|Any CPU
		{D6B49DD9-1145-4F43-A48F-CB47C2CA15C4}.Debug-Mono|Mixed Platforms.Build.0 = Debug|Any CPU
		{D6B49DD9-1145-4F43-A48F-CB47C2CA15C4}.Debug-Mono|Win32.ActiveCfg = Debug|Any CPU
		{D6B49DD9-1145-4F43-A48F-CB47C2CA15C4}.Debug-Mono|x64.ActiveCfg = Debug|Any CPU
		{D6B49DD9-1145-4F43-A48F-CB47C2CA15C4}.Debug-Mono|x86.ActiveCfg = Debug|Any CPU
		{D6B49DD9-1145-4F43-A48F-CB47C2CA15C4}.Release|Any CPU.ActiveCfg = Release|Any CPU
		{D6B49DD9-1145-4F43-A48F-CB47C2CA15C4}.Release|Any CPU.Build.0 = Release|Any CPU
		{D6B49DD9-1145-4F43-A48F-CB47C2CA15C4}.Release|ARM.ActiveCfg = Release|Any CPU
		{D6B49DD9-1145-4F43-A48F-CB47C2CA15C4}.Release|Mixed Platforms.ActiveCfg = Release|Any CPU
		{D6B49DD9-1145-4F43-A48F-CB47C2CA15C4}.Release|Mixed Platforms.Build.0 = Release|Any CPU
		{D6B49DD9-1145-4F43-A48F-CB47C2CA15C4}.Release|Win32.ActiveCfg = Release|Any CPU
		{D6B49DD9-1145-4F43-A48F-CB47C2CA15C4}.Release|x64.ActiveCfg = Release|Any CPU
		{D6B49DD9-1145-4F43-A48F-CB47C2CA15C4}.Release|x86.ActiveCfg = Release|Any CPU
		{D6B49DD9-1145-4F43-A48F-CB47C2CA15C4}.Release-Mono|Any CPU.ActiveCfg = Release|Any CPU
		{D6B49DD9-1145-4F43-A48F-CB47C2CA15C4}.Release-Mono|Any CPU.Build.0 = Release|Any CPU
		{D6B49DD9-1145-4F43-A48F-CB47C2CA15C4}.Release-Mono|ARM.ActiveCfg = Release-Mono|Any CPU
		{D6B49DD9-1145-4F43-A48F-CB47C2CA15C4}.Release-Mono|Mixed Platforms.ActiveCfg = Release|Any CPU
		{D6B49DD9-1145-4F43-A48F-CB47C2CA15C4}.Release-Mono|Mixed Platforms.Build.0 = Release|Any CPU
		{D6B49DD9-1145-4F43-A48F-CB47C2CA15C4}.Release-Mono|Win32.ActiveCfg = Release|Any CPU
		{D6B49DD9-1145-4F43-A48F-CB47C2CA15C4}.Release-Mono|x64.ActiveCfg = Release|Any CPU
		{D6B49DD9-1145-4F43-A48F-CB47C2CA15C4}.Release-Mono|x86.ActiveCfg = Release|Any CPU
		{8D12A1E1-1441-45D8-A834-8DE44F55ED24}.Debug|Any CPU.ActiveCfg = Debug|x86
		{8D12A1E1-1441-45D8-A834-8DE44F55ED24}.Debug|ARM.ActiveCfg = Debug|x86
		{8D12A1E1-1441-45D8-A834-8DE44F55ED24}.Debug|Mixed Platforms.ActiveCfg = Debug|x86
		{8D12A1E1-1441-45D8-A834-8DE44F55ED24}.Debug|Mixed Platforms.Build.0 = Debug|x86
		{8D12A1E1-1441-45D8-A834-8DE44F55ED24}.Debug|Win32.ActiveCfg = Debug|x86
		{8D12A1E1-1441-45D8-A834-8DE44F55ED24}.Debug|x64.ActiveCfg = Debug|x86
		{8D12A1E1-1441-45D8-A834-8DE44F55ED24}.Debug|x86.ActiveCfg = Debug|x86
		{8D12A1E1-1441-45D8-A834-8DE44F55ED24}.Debug|x86.Build.0 = Debug|x86
		{8D12A1E1-1441-45D8-A834-8DE44F55ED24}.Debug-Mono|Any CPU.ActiveCfg = Debug|x86
		{8D12A1E1-1441-45D8-A834-8DE44F55ED24}.Debug-Mono|ARM.ActiveCfg = Debug|x86
		{8D12A1E1-1441-45D8-A834-8DE44F55ED24}.Debug-Mono|Mixed Platforms.ActiveCfg = Debug|x86
		{8D12A1E1-1441-45D8-A834-8DE44F55ED24}.Debug-Mono|Mixed Platforms.Build.0 = Debug|x86
		{8D12A1E1-1441-45D8-A834-8DE44F55ED24}.Debug-Mono|Win32.ActiveCfg = Debug|x86
		{8D12A1E1-1441-45D8-A834-8DE44F55ED24}.Debug-Mono|x64.ActiveCfg = Debug|x86
		{8D12A1E1-1441-45D8-A834-8DE44F55ED24}.Debug-Mono|x86.ActiveCfg = Debug|x86
		{8D12A1E1-1441-45D8-A834-8DE44F55ED24}.Debug-Mono|x86.Build.0 = Debug|x86
		{8D12A1E1-1441-45D8-A834-8DE44F55ED24}.Release|Any CPU.ActiveCfg = Release|x86
		{8D12A1E1-1441-45D8-A834-8DE44F55ED24}.Release|ARM.ActiveCfg = Release|x86
		{8D12A1E1-1441-45D8-A834-8DE44F55ED24}.Release|Mixed Platforms.ActiveCfg = Release|x86
		{8D12A1E1-1441-45D8-A834-8DE44F55ED24}.Release|Mixed Platforms.Build.0 = Release|x86
		{8D12A1E1-1441-45D8-A834-8DE44F55ED24}.Release|Win32.ActiveCfg = Release|x86
		{8D12A1E1-1441-45D8-A834-8DE44F55ED24}.Release|x64.ActiveCfg = Release|x86
		{8D12A1E1-1441-45D8-A834-8DE44F55ED24}.Release|x86.ActiveCfg = Release|x86
		{8D12A1E1-1441-45D8-A834-8DE44F55ED24}.Release|x86.Build.0 = Release|x86
		{8D12A1E1-1441-45D8-A834-8DE44F55ED24}.Release-Mono|Any CPU.ActiveCfg = Release|x86
		{8D12A1E1-1441-45D8-A834-8DE44F55ED24}.Release-Mono|ARM.ActiveCfg = Release|x86
		{8D12A1E1-1441-45D8-A834-8DE44F55ED24}.Release-Mono|Mixed Platforms.ActiveCfg = Release|x86
		{8D12A1E1-1441-45D8-A834-8DE44F55ED24}.Release-Mono|Mixed Platforms.Build.0 = Release|x86
		{8D12A1E1-1441-45D8-A834-8DE44F55ED24}.Release-Mono|Win32.ActiveCfg = Release|x86
		{8D12A1E1-1441-45D8-A834-8DE44F55ED24}.Release-Mono|x64.ActiveCfg = Release|x86
		{8D12A1E1-1441-45D8-A834-8DE44F55ED24}.Release-Mono|x86.ActiveCfg = Release|x86
		{8D12A1E1-1441-45D8-A834-8DE44F55ED24}.Release-Mono|x86.Build.0 = Release|x86
		{7EC1E48F-1605-499B-906A-ECA507BB27F8}.Debug|Any CPU.ActiveCfg = Debug|Any CPU
		{7EC1E48F-1605-499B-906A-ECA507BB27F8}.Debug|Any CPU.Build.0 = Debug|Any CPU
		{7EC1E48F-1605-499B-906A-ECA507BB27F8}.Debug|ARM.ActiveCfg = Debug|Any CPU
		{7EC1E48F-1605-499B-906A-ECA507BB27F8}.Debug|Mixed Platforms.ActiveCfg = Debug|Any CPU
		{7EC1E48F-1605-499B-906A-ECA507BB27F8}.Debug|Mixed Platforms.Build.0 = Debug|Any CPU
		{7EC1E48F-1605-499B-906A-ECA507BB27F8}.Debug|Win32.ActiveCfg = Debug|Any CPU
		{7EC1E48F-1605-499B-906A-ECA507BB27F8}.Debug|x64.ActiveCfg = Debug|Any CPU
		{7EC1E48F-1605-499B-906A-ECA507BB27F8}.Debug|x86.ActiveCfg = Debug|Any CPU
		{7EC1E48F-1605-499B-906A-ECA507BB27F8}.Debug-Mono|Any CPU.ActiveCfg = Debug-Mono|Any CPU
		{7EC1E48F-1605-499B-906A-ECA507BB27F8}.Debug-Mono|Any CPU.Build.0 = Debug-Mono|Any CPU
		{7EC1E48F-1605-499B-906A-ECA507BB27F8}.Debug-Mono|ARM.ActiveCfg = Debug-Mono|Any CPU
		{7EC1E48F-1605-499B-906A-ECA507BB27F8}.Debug-Mono|Mixed Platforms.ActiveCfg = Debug-Mono|Any CPU
		{7EC1E48F-1605-499B-906A-ECA507BB27F8}.Debug-Mono|Mixed Platforms.Build.0 = Debug-Mono|Any CPU
		{7EC1E48F-1605-499B-906A-ECA507BB27F8}.Debug-Mono|Win32.ActiveCfg = Debug-Mono|Any CPU
		{7EC1E48F-1605-499B-906A-ECA507BB27F8}.Debug-Mono|x64.ActiveCfg = Debug-Mono|Any CPU
		{7EC1E48F-1605-499B-906A-ECA507BB27F8}.Debug-Mono|x86.ActiveCfg = Debug-Mono|Any CPU
		{7EC1E48F-1605-499B-906A-ECA507BB27F8}.Release|Any CPU.ActiveCfg = Release|Any CPU
		{7EC1E48F-1605-499B-906A-ECA507BB27F8}.Release|Any CPU.Build.0 = Release|Any CPU
		{7EC1E48F-1605-499B-906A-ECA507BB27F8}.Release|ARM.ActiveCfg = Release|Any CPU
		{7EC1E48F-1605-499B-906A-ECA507BB27F8}.Release|Mixed Platforms.ActiveCfg = Release|Any CPU
		{7EC1E48F-1605-499B-906A-ECA507BB27F8}.Release|Mixed Platforms.Build.0 = Release|Any CPU
		{7EC1E48F-1605-499B-906A-ECA507BB27F8}.Release|Win32.ActiveCfg = Release|Any CPU
		{7EC1E48F-1605-499B-906A-ECA507BB27F8}.Release|x64.ActiveCfg = Release|Any CPU
		{7EC1E48F-1605-499B-906A-ECA507BB27F8}.Release|x86.ActiveCfg = Release|Any CPU
		{7EC1E48F-1605-499B-906A-ECA507BB27F8}.Release-Mono|Any CPU.ActiveCfg = Release-Mono|Any CPU
		{7EC1E48F-1605-499B-906A-ECA507BB27F8}.Release-Mono|ARM.ActiveCfg = Release-Mono|Any CPU
		{7EC1E48F-1605-499B-906A-ECA507BB27F8}.Release-Mono|Mixed Platforms.ActiveCfg = Release-Mono|Any CPU
		{7EC1E48F-1605-499B-906A-ECA507BB27F8}.Release-Mono|Mixed Platforms.Build.0 = Release-Mono|Any CPU
		{7EC1E48F-1605-499B-906A-ECA507BB27F8}.Release-Mono|Win32.ActiveCfg = Release-Mono|Any CPU
		{7EC1E48F-1605-499B-906A-ECA507BB27F8}.Release-Mono|x64.ActiveCfg = Release-Mono|Any CPU
		{7EC1E48F-1605-499B-906A-ECA507BB27F8}.Release-Mono|x86.ActiveCfg = Release-Mono|Any CPU
		{AA9373BE-5A3F-4DA0-86D8-448D2AA9BBAD}.Debug|Any CPU.ActiveCfg = Debug|Any CPU
		{AA9373BE-5A3F-4DA0-86D8-448D2AA9BBAD}.Debug|Any CPU.Build.0 = Debug|Any CPU
		{AA9373BE-5A3F-4DA0-86D8-448D2AA9BBAD}.Debug|ARM.ActiveCfg = Debug|Any CPU
		{AA9373BE-5A3F-4DA0-86D8-448D2AA9BBAD}.Debug|Mixed Platforms.ActiveCfg = Debug|Any CPU
		{AA9373BE-5A3F-4DA0-86D8-448D2AA9BBAD}.Debug|Mixed Platforms.Build.0 = Debug|Any CPU
		{AA9373BE-5A3F-4DA0-86D8-448D2AA9BBAD}.Debug|Win32.ActiveCfg = Debug|Any CPU
		{AA9373BE-5A3F-4DA0-86D8-448D2AA9BBAD}.Debug|x64.ActiveCfg = Debug|Any CPU
		{AA9373BE-5A3F-4DA0-86D8-448D2AA9BBAD}.Debug|x86.ActiveCfg = Debug|Any CPU
		{AA9373BE-5A3F-4DA0-86D8-448D2AA9BBAD}.Debug-Mono|Any CPU.ActiveCfg = Debug-Mono|Any CPU
		{AA9373BE-5A3F-4DA0-86D8-448D2AA9BBAD}.Debug-Mono|Any CPU.Build.0 = Debug-Mono|Any CPU
		{AA9373BE-5A3F-4DA0-86D8-448D2AA9BBAD}.Debug-Mono|ARM.ActiveCfg = Debug-Mono|Any CPU
		{AA9373BE-5A3F-4DA0-86D8-448D2AA9BBAD}.Debug-Mono|Mixed Platforms.ActiveCfg = Debug-Mono|Any CPU
		{AA9373BE-5A3F-4DA0-86D8-448D2AA9BBAD}.Debug-Mono|Mixed Platforms.Build.0 = Debug-Mono|Any CPU
		{AA9373BE-5A3F-4DA0-86D8-448D2AA9BBAD}.Debug-Mono|Win32.ActiveCfg = Debug-Mono|Any CPU
		{AA9373BE-5A3F-4DA0-86D8-448D2AA9BBAD}.Debug-Mono|x64.ActiveCfg = Debug-Mono|Any CPU
		{AA9373BE-5A3F-4DA0-86D8-448D2AA9BBAD}.Debug-Mono|x86.ActiveCfg = Debug-Mono|Any CPU
		{AA9373BE-5A3F-4DA0-86D8-448D2AA9BBAD}.Release|Any CPU.ActiveCfg = Release|Any CPU
		{AA9373BE-5A3F-4DA0-86D8-448D2AA9BBAD}.Release|Any CPU.Build.0 = Release|Any CPU
		{AA9373BE-5A3F-4DA0-86D8-448D2AA9BBAD}.Release|ARM.ActiveCfg = Release|Any CPU
		{AA9373BE-5A3F-4DA0-86D8-448D2AA9BBAD}.Release|Mixed Platforms.ActiveCfg = Release|Any CPU
		{AA9373BE-5A3F-4DA0-86D8-448D2AA9BBAD}.Release|Mixed Platforms.Build.0 = Release|Any CPU
		{AA9373BE-5A3F-4DA0-86D8-448D2AA9BBAD}.Release|Win32.ActiveCfg = Release|Any CPU
		{AA9373BE-5A3F-4DA0-86D8-448D2AA9BBAD}.Release|x64.ActiveCfg = Release|Any CPU
		{AA9373BE-5A3F-4DA0-86D8-448D2AA9BBAD}.Release|x86.ActiveCfg = Release|Any CPU
		{AA9373BE-5A3F-4DA0-86D8-448D2AA9BBAD}.Release-Mono|Any CPU.ActiveCfg = Release-Mono|Any CPU
		{AA9373BE-5A3F-4DA0-86D8-448D2AA9BBAD}.Release-Mono|ARM.ActiveCfg = Release-Mono|Any CPU
		{AA9373BE-5A3F-4DA0-86D8-448D2AA9BBAD}.Release-Mono|Mixed Platforms.ActiveCfg = Release-Mono|Any CPU
		{AA9373BE-5A3F-4DA0-86D8-448D2AA9BBAD}.Release-Mono|Mixed Platforms.Build.0 = Release-Mono|Any CPU
		{AA9373BE-5A3F-4DA0-86D8-448D2AA9BBAD}.Release-Mono|Win32.ActiveCfg = Release-Mono|Any CPU
		{AA9373BE-5A3F-4DA0-86D8-448D2AA9BBAD}.Release-Mono|x64.ActiveCfg = Release-Mono|Any CPU
		{AA9373BE-5A3F-4DA0-86D8-448D2AA9BBAD}.Release-Mono|x86.ActiveCfg = Release-Mono|Any CPU
		{CDA28126-38BD-4EC2-9B0F-C7DFE63B29F3}.Debug|Any CPU.ActiveCfg = Debug|Any CPU
		{CDA28126-38BD-4EC2-9B0F-C7DFE63B29F3}.Debug|Any CPU.Build.0 = Debug|Any CPU
		{CDA28126-38BD-4EC2-9B0F-C7DFE63B29F3}.Debug|ARM.ActiveCfg = Debug|Any CPU
		{CDA28126-38BD-4EC2-9B0F-C7DFE63B29F3}.Debug|Mixed Platforms.ActiveCfg = Debug|Any CPU
		{CDA28126-38BD-4EC2-9B0F-C7DFE63B29F3}.Debug|Mixed Platforms.Build.0 = Debug|Any CPU
		{CDA28126-38BD-4EC2-9B0F-C7DFE63B29F3}.Debug|Win32.ActiveCfg = Debug|Any CPU
		{CDA28126-38BD-4EC2-9B0F-C7DFE63B29F3}.Debug|x64.ActiveCfg = Debug|Any CPU
		{CDA28126-38BD-4EC2-9B0F-C7DFE63B29F3}.Debug|x86.ActiveCfg = Debug|Any CPU
		{CDA28126-38BD-4EC2-9B0F-C7DFE63B29F3}.Debug-Mono|Any CPU.ActiveCfg = Debug|Any CPU
		{CDA28126-38BD-4EC2-9B0F-C7DFE63B29F3}.Debug-Mono|Any CPU.Build.0 = Debug|Any CPU
		{CDA28126-38BD-4EC2-9B0F-C7DFE63B29F3}.Debug-Mono|ARM.ActiveCfg = Debug|Any CPU
		{CDA28126-38BD-4EC2-9B0F-C7DFE63B29F3}.Debug-Mono|Mixed Platforms.ActiveCfg = Debug|Any CPU
		{CDA28126-38BD-4EC2-9B0F-C7DFE63B29F3}.Debug-Mono|Mixed Platforms.Build.0 = Debug|Any CPU
		{CDA28126-38BD-4EC2-9B0F-C7DFE63B29F3}.Debug-Mono|Win32.ActiveCfg = Debug|Any CPU
		{CDA28126-38BD-4EC2-9B0F-C7DFE63B29F3}.Debug-Mono|x64.ActiveCfg = Debug|Any CPU
		{CDA28126-38BD-4EC2-9B0F-C7DFE63B29F3}.Debug-Mono|x86.ActiveCfg = Debug|Any CPU
		{CDA28126-38BD-4EC2-9B0F-C7DFE63B29F3}.Release|Any CPU.ActiveCfg = Release|Any CPU
		{CDA28126-38BD-4EC2-9B0F-C7DFE63B29F3}.Release|Any CPU.Build.0 = Release|Any CPU
		{CDA28126-38BD-4EC2-9B0F-C7DFE63B29F3}.Release|ARM.ActiveCfg = Release|Any CPU
		{CDA28126-38BD-4EC2-9B0F-C7DFE63B29F3}.Release|Mixed Platforms.ActiveCfg = Release|Any CPU
		{CDA28126-38BD-4EC2-9B0F-C7DFE63B29F3}.Release|Mixed Platforms.Build.0 = Release|Any CPU
		{CDA28126-38BD-4EC2-9B0F-C7DFE63B29F3}.Release|Win32.ActiveCfg = Release|Any CPU
		{CDA28126-38BD-4EC2-9B0F-C7DFE63B29F3}.Release|x64.ActiveCfg = Release|Any CPU
		{CDA28126-38BD-4EC2-9B0F-C7DFE63B29F3}.Release|x86.ActiveCfg = Release|Any CPU
		{CDA28126-38BD-4EC2-9B0F-C7DFE63B29F3}.Release-Mono|Any CPU.ActiveCfg = Release|Any CPU
		{CDA28126-38BD-4EC2-9B0F-C7DFE63B29F3}.Release-Mono|Any CPU.Build.0 = Release|Any CPU
		{CDA28126-38BD-4EC2-9B0F-C7DFE63B29F3}.Release-Mono|ARM.ActiveCfg = Release|Any CPU
		{CDA28126-38BD-4EC2-9B0F-C7DFE63B29F3}.Release-Mono|Mixed Platforms.ActiveCfg = Release|Any CPU
		{CDA28126-38BD-4EC2-9B0F-C7DFE63B29F3}.Release-Mono|Mixed Platforms.Build.0 = Release|Any CPU
		{CDA28126-38BD-4EC2-9B0F-C7DFE63B29F3}.Release-Mono|Win32.ActiveCfg = Release|Any CPU
		{CDA28126-38BD-4EC2-9B0F-C7DFE63B29F3}.Release-Mono|x64.ActiveCfg = Release|Any CPU
		{CDA28126-38BD-4EC2-9B0F-C7DFE63B29F3}.Release-Mono|x86.ActiveCfg = Release|Any CPU
		{8BB784E2-F8AC-493F-9BDA-08ABD84A2541}.Debug|Any CPU.ActiveCfg = Debug|x86
		{8BB784E2-F8AC-493F-9BDA-08ABD84A2541}.Debug|ARM.ActiveCfg = Debug|x86
		{8BB784E2-F8AC-493F-9BDA-08ABD84A2541}.Debug|Mixed Platforms.ActiveCfg = Debug|x86
		{8BB784E2-F8AC-493F-9BDA-08ABD84A2541}.Debug|Mixed Platforms.Build.0 = Debug|x86
		{8BB784E2-F8AC-493F-9BDA-08ABD84A2541}.Debug|Win32.ActiveCfg = Debug|x86
		{8BB784E2-F8AC-493F-9BDA-08ABD84A2541}.Debug|Win32.Build.0 = Debug|x86
		{8BB784E2-F8AC-493F-9BDA-08ABD84A2541}.Debug|x64.ActiveCfg = Debug|x86
		{8BB784E2-F8AC-493F-9BDA-08ABD84A2541}.Debug|x86.ActiveCfg = Debug|x86
		{8BB784E2-F8AC-493F-9BDA-08ABD84A2541}.Debug|x86.Build.0 = Debug|x86
		{8BB784E2-F8AC-493F-9BDA-08ABD84A2541}.Debug-Mono|Any CPU.ActiveCfg = Debug-Mono|x86
		{8BB784E2-F8AC-493F-9BDA-08ABD84A2541}.Debug-Mono|ARM.ActiveCfg = Debug-Mono|x86
		{8BB784E2-F8AC-493F-9BDA-08ABD84A2541}.Debug-Mono|Mixed Platforms.ActiveCfg = Debug-Mono|x86
		{8BB784E2-F8AC-493F-9BDA-08ABD84A2541}.Debug-Mono|Mixed Platforms.Build.0 = Debug-Mono|x86
		{8BB784E2-F8AC-493F-9BDA-08ABD84A2541}.Debug-Mono|Win32.ActiveCfg = Debug-Mono|x86
		{8BB784E2-F8AC-493F-9BDA-08ABD84A2541}.Debug-Mono|Win32.Build.0 = Debug-Mono|x86
		{8BB784E2-F8AC-493F-9BDA-08ABD84A2541}.Debug-Mono|x64.ActiveCfg = Debug-Mono|x86
		{8BB784E2-F8AC-493F-9BDA-08ABD84A2541}.Debug-Mono|x86.ActiveCfg = Debug-Mono|x86
		{8BB784E2-F8AC-493F-9BDA-08ABD84A2541}.Debug-Mono|x86.Build.0 = Debug-Mono|x86
		{8BB784E2-F8AC-493F-9BDA-08ABD84A2541}.Release|Any CPU.ActiveCfg = Release|x86
		{8BB784E2-F8AC-493F-9BDA-08ABD84A2541}.Release|ARM.ActiveCfg = Release|x86
		{8BB784E2-F8AC-493F-9BDA-08ABD84A2541}.Release|Mixed Platforms.ActiveCfg = Release|x86
		{8BB784E2-F8AC-493F-9BDA-08ABD84A2541}.Release|Mixed Platforms.Build.0 = Release|x86
		{8BB784E2-F8AC-493F-9BDA-08ABD84A2541}.Release|Win32.ActiveCfg = Release|x86
		{8BB784E2-F8AC-493F-9BDA-08ABD84A2541}.Release|Win32.Build.0 = Release|x86
		{8BB784E2-F8AC-493F-9BDA-08ABD84A2541}.Release|x64.ActiveCfg = Release|x86
		{8BB784E2-F8AC-493F-9BDA-08ABD84A2541}.Release|x86.ActiveCfg = Release|x86
		{8BB784E2-F8AC-493F-9BDA-08ABD84A2541}.Release|x86.Build.0 = Release|x86
		{8BB784E2-F8AC-493F-9BDA-08ABD84A2541}.Release-Mono|Any CPU.ActiveCfg = Release-Mono|x86
		{8BB784E2-F8AC-493F-9BDA-08ABD84A2541}.Release-Mono|ARM.ActiveCfg = Release-Mono|x86
		{8BB784E2-F8AC-493F-9BDA-08ABD84A2541}.Release-Mono|Mixed Platforms.ActiveCfg = Release-Mono|x86
		{8BB784E2-F8AC-493F-9BDA-08ABD84A2541}.Release-Mono|Mixed Platforms.Build.0 = Release-Mono|x86
		{8BB784E2-F8AC-493F-9BDA-08ABD84A2541}.Release-Mono|Win32.ActiveCfg = Release-Mono|x86
		{8BB784E2-F8AC-493F-9BDA-08ABD84A2541}.Release-Mono|Win32.Build.0 = Release-Mono|x86
		{8BB784E2-F8AC-493F-9BDA-08ABD84A2541}.Release-Mono|x64.ActiveCfg = Release-Mono|x86
		{8BB784E2-F8AC-493F-9BDA-08ABD84A2541}.Release-Mono|x86.ActiveCfg = Release-Mono|x86
		{8BB784E2-F8AC-493F-9BDA-08ABD84A2541}.Release-Mono|x86.Build.0 = Release-Mono|x86
		{B7400CF1-E6FC-4768-A0BC-F2DDE6B4FCDC}.Debug|Any CPU.ActiveCfg = Debug|Any CPU
		{B7400CF1-E6FC-4768-A0BC-F2DDE6B4FCDC}.Debug|Any CPU.Build.0 = Debug|Any CPU
		{B7400CF1-E6FC-4768-A0BC-F2DDE6B4FCDC}.Debug|ARM.ActiveCfg = Debug|Any CPU
		{B7400CF1-E6FC-4768-A0BC-F2DDE6B4FCDC}.Debug|Mixed Platforms.ActiveCfg = Debug|Any CPU
		{B7400CF1-E6FC-4768-A0BC-F2DDE6B4FCDC}.Debug|Mixed Platforms.Build.0 = Debug|Any CPU
		{B7400CF1-E6FC-4768-A0BC-F2DDE6B4FCDC}.Debug|Win32.ActiveCfg = Debug|Any CPU
		{B7400CF1-E6FC-4768-A0BC-F2DDE6B4FCDC}.Debug|x64.ActiveCfg = Debug|Any CPU
		{B7400CF1-E6FC-4768-A0BC-F2DDE6B4FCDC}.Debug|x86.ActiveCfg = Debug|Any CPU
		{B7400CF1-E6FC-4768-A0BC-F2DDE6B4FCDC}.Debug-Mono|Any CPU.ActiveCfg = Debug|Any CPU
		{B7400CF1-E6FC-4768-A0BC-F2DDE6B4FCDC}.Debug-Mono|Any CPU.Build.0 = Debug|Any CPU
		{B7400CF1-E6FC-4768-A0BC-F2DDE6B4FCDC}.Debug-Mono|ARM.ActiveCfg = Debug|Any CPU
		{B7400CF1-E6FC-4768-A0BC-F2DDE6B4FCDC}.Debug-Mono|Mixed Platforms.ActiveCfg = Debug|Any CPU
		{B7400CF1-E6FC-4768-A0BC-F2DDE6B4FCDC}.Debug-Mono|Mixed Platforms.Build.0 = Debug|Any CPU
		{B7400CF1-E6FC-4768-A0BC-F2DDE6B4FCDC}.Debug-Mono|Win32.ActiveCfg = Debug|Any CPU
		{B7400CF1-E6FC-4768-A0BC-F2DDE6B4FCDC}.Debug-Mono|x64.ActiveCfg = Debug|Any CPU
		{B7400CF1-E6FC-4768-A0BC-F2DDE6B4FCDC}.Debug-Mono|x86.ActiveCfg = Debug|Any CPU
		{B7400CF1-E6FC-4768-A0BC-F2DDE6B4FCDC}.Release|Any CPU.ActiveCfg = Release|Any CPU
		{B7400CF1-E6FC-4768-A0BC-F2DDE6B4FCDC}.Release|Any CPU.Build.0 = Release|Any CPU
		{B7400CF1-E6FC-4768-A0BC-F2DDE6B4FCDC}.Release|ARM.ActiveCfg = Release|Any CPU
		{B7400CF1-E6FC-4768-A0BC-F2DDE6B4FCDC}.Release|Mixed Platforms.ActiveCfg = Release|Any CPU
		{B7400CF1-E6FC-4768-A0BC-F2DDE6B4FCDC}.Release|Mixed Platforms.Build.0 = Release|Any CPU
		{B7400CF1-E6FC-4768-A0BC-F2DDE6B4FCDC}.Release|Win32.ActiveCfg = Release|Any CPU
		{B7400CF1-E6FC-4768-A0BC-F2DDE6B4FCDC}.Release|x64.ActiveCfg = Release|Any CPU
		{B7400CF1-E6FC-4768-A0BC-F2DDE6B4FCDC}.Release|x86.ActiveCfg = Release|Any CPU
		{B7400CF1-E6FC-4768-A0BC-F2DDE6B4FCDC}.Release-Mono|Any CPU.ActiveCfg = Release|Any CPU
		{B7400CF1-E6FC-4768-A0BC-F2DDE6B4FCDC}.Release-Mono|Any CPU.Build.0 = Release|Any CPU
		{B7400CF1-E6FC-4768-A0BC-F2DDE6B4FCDC}.Release-Mono|ARM.ActiveCfg = Release|Any CPU
		{B7400CF1-E6FC-4768-A0BC-F2DDE6B4FCDC}.Release-Mono|Mixed Platforms.ActiveCfg = Release|Any CPU
		{B7400CF1-E6FC-4768-A0BC-F2DDE6B4FCDC}.Release-Mono|Mixed Platforms.Build.0 = Release|Any CPU
		{B7400CF1-E6FC-4768-A0BC-F2DDE6B4FCDC}.Release-Mono|Win32.ActiveCfg = Release|Any CPU
		{B7400CF1-E6FC-4768-A0BC-F2DDE6B4FCDC}.Release-Mono|x64.ActiveCfg = Release|Any CPU
		{B7400CF1-E6FC-4768-A0BC-F2DDE6B4FCDC}.Release-Mono|x86.ActiveCfg = Release|Any CPU
		{28C65E7F-DA2A-4AA8-8CE2-EA6454086ACD}.Debug|Any CPU.ActiveCfg = Debug|Any CPU
		{28C65E7F-DA2A-4AA8-8CE2-EA6454086ACD}.Debug|Any CPU.Build.0 = Debug|Any CPU
		{28C65E7F-DA2A-4AA8-8CE2-EA6454086ACD}.Debug|ARM.ActiveCfg = Debug|Any CPU
		{28C65E7F-DA2A-4AA8-8CE2-EA6454086ACD}.Debug|Mixed Platforms.ActiveCfg = Debug|Any CPU
		{28C65E7F-DA2A-4AA8-8CE2-EA6454086ACD}.Debug|Mixed Platforms.Build.0 = Debug|Any CPU
		{28C65E7F-DA2A-4AA8-8CE2-EA6454086ACD}.Debug|Win32.ActiveCfg = Debug|Any CPU
		{28C65E7F-DA2A-4AA8-8CE2-EA6454086ACD}.Debug|x64.ActiveCfg = Debug|Any CPU
		{28C65E7F-DA2A-4AA8-8CE2-EA6454086ACD}.Debug|x86.ActiveCfg = Debug|Any CPU
		{28C65E7F-DA2A-4AA8-8CE2-EA6454086ACD}.Debug-Mono|Any CPU.ActiveCfg = Debug|Any CPU
		{28C65E7F-DA2A-4AA8-8CE2-EA6454086ACD}.Debug-Mono|Any CPU.Build.0 = Debug|Any CPU
		{28C65E7F-DA2A-4AA8-8CE2-EA6454086ACD}.Debug-Mono|ARM.ActiveCfg = Debug|Any CPU
		{28C65E7F-DA2A-4AA8-8CE2-EA6454086ACD}.Debug-Mono|Mixed Platforms.ActiveCfg = Debug|Any CPU
		{28C65E7F-DA2A-4AA8-8CE2-EA6454086ACD}.Debug-Mono|Mixed Platforms.Build.0 = Debug|Any CPU
		{28C65E7F-DA2A-4AA8-8CE2-EA6454086ACD}.Debug-Mono|Win32.ActiveCfg = Debug|Any CPU
		{28C65E7F-DA2A-4AA8-8CE2-EA6454086ACD}.Debug-Mono|x64.ActiveCfg = Debug|Any CPU
		{28C65E7F-DA2A-4AA8-8CE2-EA6454086ACD}.Debug-Mono|x86.ActiveCfg = Debug|Any CPU
		{28C65E7F-DA2A-4AA8-8CE2-EA6454086ACD}.Release|Any CPU.ActiveCfg = Release|Any CPU
		{28C65E7F-DA2A-4AA8-8CE2-EA6454086ACD}.Release|Any CPU.Build.0 = Release|Any CPU
		{28C65E7F-DA2A-4AA8-8CE2-EA6454086ACD}.Release|ARM.ActiveCfg = Release|Any CPU
		{28C65E7F-DA2A-4AA8-8CE2-EA6454086ACD}.Release|Mixed Platforms.ActiveCfg = Release|Any CPU
		{28C65E7F-DA2A-4AA8-8CE2-EA6454086ACD}.Release|Mixed Platforms.Build.0 = Release|Any CPU
		{28C65E7F-DA2A-4AA8-8CE2-EA6454086ACD}.Release|Win32.ActiveCfg = Release|Any CPU
		{28C65E7F-DA2A-4AA8-8CE2-EA6454086ACD}.Release|x64.ActiveCfg = Release|Any CPU
		{28C65E7F-DA2A-4AA8-8CE2-EA6454086ACD}.Release|x86.ActiveCfg = Release|Any CPU
		{28C65E7F-DA2A-4AA8-8CE2-EA6454086ACD}.Release-Mono|Any CPU.ActiveCfg = Release|Any CPU
		{28C65E7F-DA2A-4AA8-8CE2-EA6454086ACD}.Release-Mono|Any CPU.Build.0 = Release|Any CPU
		{28C65E7F-DA2A-4AA8-8CE2-EA6454086ACD}.Release-Mono|ARM.ActiveCfg = Release|Any CPU
		{28C65E7F-DA2A-4AA8-8CE2-EA6454086ACD}.Release-Mono|Mixed Platforms.ActiveCfg = Release|Any CPU
		{28C65E7F-DA2A-4AA8-8CE2-EA6454086ACD}.Release-Mono|Mixed Platforms.Build.0 = Release|Any CPU
		{28C65E7F-DA2A-4AA8-8CE2-EA6454086ACD}.Release-Mono|Win32.ActiveCfg = Release|Any CPU
		{28C65E7F-DA2A-4AA8-8CE2-EA6454086ACD}.Release-Mono|x64.ActiveCfg = Release|Any CPU
		{28C65E7F-DA2A-4AA8-8CE2-EA6454086ACD}.Release-Mono|x86.ActiveCfg = Release|Any CPU
	EndGlobalSection
	GlobalSection(SolutionProperties) = preSolution
		HideSolutionNode = FALSE
	EndGlobalSection
	GlobalSection(NestedProjects) = preSolution
		{672051E4-EB29-400C-BAC4-E4F057391557} = {A6BE34E5-E742-448F-B64C-F7A958A48805}
		{7A6DED26-F6C0-4348-B7C8-31681236EBFD} = {A6BE34E5-E742-448F-B64C-F7A958A48805}
		{3B0EB829-A618-47D7-A38A-E94545FF2FC1} = {A6BE34E5-E742-448F-B64C-F7A958A48805}
		{61482F5F-76E8-484B-BB0B-921C532D87BB} = {A6BE34E5-E742-448F-B64C-F7A958A48805}
		{8D12A1E1-1441-45D8-A834-8DE44F55ED24} = {A6BE34E5-E742-448F-B64C-F7A958A48805}
		{CDA28126-38BD-4EC2-9B0F-C7DFE63B29F3} = {A6BE34E5-E742-448F-B64C-F7A958A48805}
		{8BB784E2-F8AC-493F-9BDA-08ABD84A2541} = {A6BE34E5-E742-448F-B64C-F7A958A48805}
		{28C65E7F-DA2A-4AA8-8CE2-EA6454086ACD} = {A6BE34E5-E742-448F-B64C-F7A958A48805}
		{53796A00-C33A-40FF-B28D-F977EB8A9103} = {10512982-5268-4102-A137-C334F3ABF856}
		{B914EE15-6A3C-4BAA-AB12-932D1325C86D} = {10512982-5268-4102-A137-C334F3ABF856}
		{CB219B28-DC51-4E22-BC61-80B97D8A39C0} = {10512982-5268-4102-A137-C334F3ABF856}
		{6D3414FC-4336-426A-BED4-814AB331FDF0} = {10512982-5268-4102-A137-C334F3ABF856}
		{D6B49DD9-1145-4F43-A48F-CB47C2CA15C4} = {10512982-5268-4102-A137-C334F3ABF856}
		{B7400CF1-E6FC-4768-A0BC-F2DDE6B4FCDC} = {10512982-5268-4102-A137-C334F3ABF856}
	EndGlobalSection
EndGlobal
